
Microsoft Visual Studio Solution File, Format Version 12.00
# Visual Studio 15
VisualStudioVersion = 15.0.26430.6
MinimumVisualStudioVersion = 10.0.40219.1
Project("{FAE04EC0-301F-11D3-BF4B-00C04F79EFBC}") = "Baitu.Consoles.SocialInsurance", "Baitu.Consoles.SocialInsurance\Baitu.Consoles.SocialInsurance.csproj", "{459B0067-0ABD-4663-ACDD-529C07468CC6}"
EndProject
Project("{2150E333-8FDC-42A3-9474-1A3956D46DE8}") = "Baitu", "Baitu", "{97D22779-3DF0-4526-A4FC-1868EC56D7F8}"
EndProject
Project("{2150E333-8FDC-42A3-9474-1A3956D46DE8}") = "SoDao", "SoDao", "{707D5580-E41D-4D07-8287-69767C6DD771}"
EndProject
Project("{FAE04EC0-301F-11D3-BF4B-00C04F79EFBC}") = "Sodao.Nsoup", "Sodao.Nsoup\Sodao.Nsoup.csproj", "{17B52EF8-1CED-4AE6-AF6C-1569CB772AC7}"
EndProject
Project("{FAE04EC0-301F-11D3-BF4B-00C04F79EFBC}") = "Sodao.Spider.Tmall", "Sodao.Spider.Tmall\Sodao.Spider.Tmall.csproj", "{6C80D7C5-A42A-46B2-81C7-968CC71BA602}"
EndProject
Global
	GlobalSection(SolutionConfigurationPlatforms) = preSolution
		Debug|Any CPU = Debug|Any CPU
		Release|Any CPU = Release|Any CPU
	EndGlobalSection
	GlobalSection(ProjectConfigurationPlatforms) = postSolution
		{459B0067-0ABD-4663-ACDD-529C07468CC6}.Debug|Any CPU.ActiveCfg = Debug|Any CPU
		{459B0067-0ABD-4663-ACDD-529C07468CC6}.Debug|Any CPU.Build.0 = Debug|Any CPU
		{459B0067-0ABD-4663-ACDD-529C07468CC6}.Release|Any CPU.ActiveCfg = Release|Any CPU
		{459B0067-0ABD-4663-ACDD-529C07468CC6}.Release|Any CPU.Build.0 = Release|Any CPU
		{17B52EF8-1CED-4AE6-AF6C-1569CB772AC7}.Debug|Any CPU.ActiveCfg = Debug|Any CPU
		{17B52EF8-1CED-4AE6-AF6C-1569CB772AC7}.Debug|Any CPU.Build.0 = Debug|Any CPU
		{17B52EF8-1CED-4AE6-AF6C-1569CB772AC7}.Release|Any CPU.ActiveCfg = Release|Any CPU
		{17B52EF8-1CED-4AE6-AF6C-1569CB772AC7}.Release|Any CPU.Build.0 = Release|Any CPU
		{6C80D7C5-A42A-46B2-81C7-968CC71BA602}.Debug|Any CPU.ActiveCfg = Debug|Any CPU
		{6C80D7C5-A42A-46B2-81C7-968CC71BA602}.Debug|Any CPU.Build.0 = Debug|Any CPU
		{6C80D7C5-A42A-46B2-81C7-968CC71BA602}.Release|Any CPU.ActiveCfg = Release|Any CPU
		{6C80D7C5-A42A-46B2-81C7-968CC71BA602}.Release|Any CPU.Build.0 = Release|Any CPU
	EndGlobalSection
	GlobalSection(SolutionProperties) = preSolution
		HideSolutionNode = FALSE
	EndGlobalSection
	GlobalSection(NestedProjects) = preSolution
		{459B0067-0ABD-4663-ACDD-529C07468CC6} = {97D22779-3DF0-4526-A4FC-1868EC56D7F8}
		{17B52EF8-1CED-4AE6-AF6C-1569CB772AC7} = {707D5580-E41D-4D07-8287-69767C6DD771}
		{6C80D7C5-A42A-46B2-81C7-968CC71BA602} = {707D5580-E41D-4D07-8287-69767C6DD771}
	EndGlobalSection
EndGlobal
