
Microsoft Visual Studio Solution File, Format Version 12.00
# Visual Studio 15
VisualStudioVersion = 15.0.27130.2010
MinimumVisualStudioVersion = 10.0.40219.1
Project("{FAE04EC0-301F-11D3-BF4B-00C04F79EFBC}") = "Rico.S01.SimpleMiddleware", "Rico.S01.SimpleMiddleware\Rico.S01.SimpleMiddleware.csproj", "{053174EC-DBB4-45B8-BEC5-873873544CC6}"
EndProject
Project("{FAE04EC0-301F-11D3-BF4B-00C04F79EFBC}") = "Rico.S02.SimpleMiddlewareNet46", "Rico.S02.SimpleMiddlewareNet46\Rico.S02.SimpleMiddlewareNet46.csproj", "{D484D2FF-42A0-4456-B612-E53071E1805F}"
EndProject
Project("{2150E333-8FDC-42A3-9474-1A3956D46DE8}") = "Rico.OwinAndOauth", "Rico.OwinAndOauth", "{A0BDCF5E-A72E-48CD-8817-4B20F4FF239F}"
EndProject
Project("{2150E333-8FDC-42A3-9474-1A3956D46DE8}") = "Rico.Owin", "Rico.Owin", "{E0120EAC-86A1-41A5-AF8C-65AEF5E25E27}"
EndProject
Project("{FAE04EC0-301F-11D3-BF4B-00C04F79EFBC}") = "Rico.S03.OwinAndClientCredenitalGrantServer", "Rico.S03.OwinAndClientCredenitalGrantServer\Rico.S03.OwinAndClientCredenitalGrantServer.csproj", "{982EFEF7-3CB0-4818-B5A3-D134FC04A50B}"
EndProject
Project("{FAE04EC0-301F-11D3-BF4B-00C04F79EFBC}") = "Rico.S03.OwinAndClientCredenitalGrantTest", "Rico.S03.OwinAndClientCredenitalGrantTest\Rico.S03.OwinAndClientCredenitalGrantTest.csproj", "{CC47F4D7-2AB1-4838-BB3A-F49E4E15BCB2}"
EndProject
Project("{FAE04EC0-301F-11D3-BF4B-00C04F79EFBC}") = "Rico.S03.OwinAndClientCredenitalGrantWeb", "Rico.S03.OwinAndClientCredenitalGrantWeb\Rico.S03.OwinAndClientCredenitalGrantWeb.csproj", "{A916413A-5288-4AB8-A7D1-3FF8CA39EE5F}"
EndProject
Global
	GlobalSection(SolutionConfigurationPlatforms) = preSolution
		Debug|Any CPU = Debug|Any CPU
		Release|Any CPU = Release|Any CPU
	EndGlobalSection
	GlobalSection(ProjectConfigurationPlatforms) = postSolution
		{053174EC-DBB4-45B8-BEC5-873873544CC6}.Debug|Any CPU.ActiveCfg = Debug|Any CPU
		{053174EC-DBB4-45B8-BEC5-873873544CC6}.Debug|Any CPU.Build.0 = Debug|Any CPU
		{053174EC-DBB4-45B8-BEC5-873873544CC6}.Release|Any CPU.ActiveCfg = Release|Any CPU
		{053174EC-DBB4-45B8-BEC5-873873544CC6}.Release|Any CPU.Build.0 = Release|Any CPU
		{D484D2FF-42A0-4456-B612-E53071E1805F}.Debug|Any CPU.ActiveCfg = Debug|Any CPU
		{D484D2FF-42A0-4456-B612-E53071E1805F}.Debug|Any CPU.Build.0 = Debug|Any CPU
		{D484D2FF-42A0-4456-B612-E53071E1805F}.Release|Any CPU.ActiveCfg = Release|Any CPU
		{D484D2FF-42A0-4456-B612-E53071E1805F}.Release|Any CPU.Build.0 = Release|Any CPU
		{982EFEF7-3CB0-4818-B5A3-D134FC04A50B}.Debug|Any CPU.ActiveCfg = Debug|Any CPU
		{982EFEF7-3CB0-4818-B5A3-D134FC04A50B}.Debug|Any CPU.Build.0 = Debug|Any CPU
		{982EFEF7-3CB0-4818-B5A3-D134FC04A50B}.Release|Any CPU.ActiveCfg = Release|Any CPU
		{982EFEF7-3CB0-4818-B5A3-D134FC04A50B}.Release|Any CPU.Build.0 = Release|Any CPU
		{CC47F4D7-2AB1-4838-BB3A-F49E4E15BCB2}.Debug|Any CPU.ActiveCfg = Debug|Any CPU
		{CC47F4D7-2AB1-4838-BB3A-F49E4E15BCB2}.Debug|Any CPU.Build.0 = Debug|Any CPU
		{CC47F4D7-2AB1-4838-BB3A-F49E4E15BCB2}.Release|Any CPU.ActiveCfg = Release|Any CPU
		{CC47F4D7-2AB1-4838-BB3A-F49E4E15BCB2}.Release|Any CPU.Build.0 = Release|Any CPU
		{A916413A-5288-4AB8-A7D1-3FF8CA39EE5F}.Debug|Any CPU.ActiveCfg = Debug|Any CPU
		{A916413A-5288-4AB8-A7D1-3FF8CA39EE5F}.Debug|Any CPU.Build.0 = Debug|Any CPU
		{A916413A-5288-4AB8-A7D1-3FF8CA39EE5F}.Release|Any CPU.ActiveCfg = Release|Any CPU
		{A916413A-5288-4AB8-A7D1-3FF8CA39EE5F}.Release|Any CPU.Build.0 = Release|Any CPU
	EndGlobalSection
	GlobalSection(SolutionProperties) = preSolution
		HideSolutionNode = FALSE
	EndGlobalSection
	GlobalSection(NestedProjects) = preSolution
		{053174EC-DBB4-45B8-BEC5-873873544CC6} = {E0120EAC-86A1-41A5-AF8C-65AEF5E25E27}
		{D484D2FF-42A0-4456-B612-E53071E1805F} = {E0120EAC-86A1-41A5-AF8C-65AEF5E25E27}
		{982EFEF7-3CB0-4818-B5A3-D134FC04A50B} = {A0BDCF5E-A72E-48CD-8817-4B20F4FF239F}
		{CC47F4D7-2AB1-4838-BB3A-F49E4E15BCB2} = {A0BDCF5E-A72E-48CD-8817-4B20F4FF239F}
		{A916413A-5288-4AB8-A7D1-3FF8CA39EE5F} = {A0BDCF5E-A72E-48CD-8817-4B20F4FF239F}
	EndGlobalSection
	GlobalSection(ExtensibilityGlobals) = postSolution
		SolutionGuid = {209C7B26-B6AD-4891-82C7-94233E98199D}
	EndGlobalSection
EndGlobal
