
Microsoft Visual Studio Solution File, Format Version 12.00
# Visual Studio 14
VisualStudioVersion = 14.0.25420.1
MinimumVisualStudioVersion = 10.0.40219.1
Project("{2150E333-8FDC-42A3-9474-1A3956D46DE8}") = "ActiveMQ", "ActiveMQ", "{86ED8E99-0806-41D1-B682-AA00B28258A2}"
	ProjectSection(SolutionItems) = preProject
		说明.txt = 说明.txt
	EndProjectSection
EndProject
Project("{FAE04EC0-301F-11D3-BF4B-00C04F79EFBC}") = "Rico.ActiveMQ.Producer", "Sodao\Rico.ActiveMQ.Producer\Rico.ActiveMQ.Producer.csproj", "{D45F1B2E-53A2-49BF-BCF0-58E675F154B6}"
EndProject
Project("{FAE04EC0-301F-11D3-BF4B-00C04F79EFBC}") = "Rico.ActiveMQ.Consumer", "Sodao\Rico.ActiveMQ.Consumer\Rico.ActiveMQ.Consumer.csproj", "{03F90A73-00BC-4F1D-A366-8059F6104243}"
EndProject
Project("{2150E333-8FDC-42A3-9474-1A3956D46DE8}") = "Redis", "Redis", "{AACF6402-5DBC-4B31-A087-7E9171A36F4C}"
EndProject
Project("{FAE04EC0-301F-11D3-BF4B-00C04F79EFBC}") = "Rico.Aspnet.ServiceStackSample", "Utility\Cache\Rico.Aspnet.ServiceStackSample\Rico.Aspnet.ServiceStackSample.csproj", "{2A97A6A9-9273-4B84-86FE-8569A13F85A8}"
EndProject
Project("{2150E333-8FDC-42A3-9474-1A3956D46DE8}") = "Thrift", "Thrift", "{29D3F0D3-233F-4552-A0A5-CC11B0E5D02E}"
EndProject
Project("{FAE04EC0-301F-11D3-BF4B-00C04F79EFBC}") = "Rico.Consoles.ThriftServer", "Sodao\Rico.Consoles.ThriftServer\Rico.Consoles.ThriftServer.csproj", "{04499BB0-6570-4EC1-8454-8B59F2737D99}"
EndProject
Project("{FAE04EC0-301F-11D3-BF4B-00C04F79EFBC}") = "Rico.Consoles.ThriftClient", "Sodao\Rico.Consoles.ThriftClient\Rico.Consoles.ThriftClient.csproj", "{1C059050-8694-46F1-BCDA-5FE05E281F5D}"
EndProject
Project("{FAE04EC0-301F-11D3-BF4B-00C04F79EFBC}") = "Rico.ThriftModel", "Sodao\Rico.ThriftModel\Rico.ThriftModel.csproj", "{5AB9A695-5D25-4269-9590-189BD002AB6F}"
EndProject
Project("{2150E333-8FDC-42A3-9474-1A3956D46DE8}") = "SnowFlake", "SnowFlake", "{FC256903-B603-4EC5-B40C-31677E417F86}"
EndProject
Project("{FAE04EC0-301F-11D3-BF4B-00C04F79EFBC}") = "Snowflake", "Sodao\Rico.Snowflake\Snowflake.csproj", "{A964980D-9DF4-44F2-914E-FDEB000552D6}"
EndProject
Project("{FAE04EC0-301F-11D3-BF4B-00C04F79EFBC}") = "Snowflake.Tests", "Sodao\Rico.Snowflake.Tests\Snowflake.Tests.csproj", "{FAEE4150-2873-49BC-BE3C-B514FF416064}"
EndProject
Project("{FAE04EC0-301F-11D3-BF4B-00C04F79EFBC}") = "Snowflake.ConsoleTest", "Sodao\Rico.Snowflake.ConsoleTest\Snowflake.ConsoleTest.csproj", "{FD3E4A60-03FE-42D0-BE22-48F0756C9C41}"
EndProject
Project("{FAE04EC0-301F-11D3-BF4B-00C04F79EFBC}") = "Rico.SnowflakeTest", "Sodao\Rico.SnowflakeTest\Rico.SnowflakeTest.csproj", "{6E3B4FBE-66D7-48CF-B605-525972218213}"
EndProject
Project("{2150E333-8FDC-42A3-9474-1A3956D46DE8}") = "IpWarm", "IpWarm", "{B5181032-6225-4D02-A92E-3C7055BB723E}"
EndProject
Project("{2150E333-8FDC-42A3-9474-1A3956D46DE8}") = "Sodao", "Sodao", "{2AE5DE35-6D0A-44C1-8AD5-AAC340A4AB8B}"
EndProject
Project("{FAE04EC0-301F-11D3-BF4B-00C04F79EFBC}") = "Rico.Dapper.Samples", "Utility\ORM\Rico.Dapper.Samples\Rico.Dapper.Samples.csproj", "{B846CC39-30AD-421D-A9E7-D4F41FFA8A85}"
EndProject
Project("{FAE04EC0-301F-11D3-BF4B-00C04F79EFBC}") = "Sodao.Nsoup", "Sodao\Sodao.Nsoup\Sodao.Nsoup.csproj", "{17B52EF8-1CED-4AE6-AF6C-1569CB772AC7}"
EndProject
Project("{FAE04EC0-301F-11D3-BF4B-00C04F79EFBC}") = "Sodao.Spider.Tmall", "Sodao\Sodao.Spider.Tmall\Sodao.Spider.Tmall.csproj", "{6C80D7C5-A42A-46B2-81C7-968CC71BA602}"
EndProject
Project("{2150E333-8FDC-42A3-9474-1A3956D46DE8}") = "ORM", "ORM", "{43C9A711-A28E-4331-9335-3243A658C268}"
EndProject
Project("{2150E333-8FDC-42A3-9474-1A3956D46DE8}") = "03-Csharp", "03-Csharp", "{D645DE14-FA67-4A3E-92FF-CF4232BF5F09}"
EndProject
Project("{FAE04EC0-301F-11D3-BF4B-00C04F79EFBC}") = "Sodao.WindowService.Samples", "Sodao\Sodao.WindowService.Samples\Sodao.WindowService.Samples.csproj", "{440AC151-FA5D-473B-8689-2B2A1F3D7011}"
EndProject
Project("{FAE04EC0-301F-11D3-BF4B-00C04F79EFBC}") = "Rico.Csharp.Samples", "Csharp\Rico.Csharp.Samples\Rico.Csharp.Samples.csproj", "{2C1DB053-3038-48E7-BD02-02247C4703E0}"
EndProject
Project("{FAE04EC0-301F-11D3-BF4B-00C04F79EFBC}") = "IPWarmInitial", "Sodao\Rico.IPWarm\IPWarmInitial.csproj", "{91825211-7393-4932-A5AC-887B6992F00D}"
EndProject
Project("{2150E333-8FDC-42A3-9474-1A3956D46DE8}") = "Baitu", "Baitu", "{3F5E0CAE-D316-4391-964E-08A2FF65ACF8}"
EndProject
Project("{FAE04EC0-301F-11D3-BF4B-00C04F79EFBC}") = "Baitu.Consoles.SocialInsurance", "Baitu\Baitu.Consoles.SocialInsurance\Baitu.Consoles.SocialInsurance.csproj", "{459B0067-0ABD-4663-ACDD-529C07468CC6}"
EndProject
Project("{FAE04EC0-301F-11D3-BF4B-00C04F79EFBC}") = "Rico.Csharp.DesignPattern", "Csharp\Rico.Csharp.DesignPattern\Rico.Csharp.DesignPattern.csproj", "{04F3C021-BD6F-4102-A068-2F31A9A6AF17}"
EndProject
Project("{2150E333-8FDC-42A3-9474-1A3956D46DE8}") = "05-Javascript", "05-Javascript", "{CB1638B7-EB40-433F-B8C0-1307521989EE}"
EndProject
Project("{2150E333-8FDC-42A3-9474-1A3956D46DE8}") = "00-Utility", "00-Utility", "{2B5E3865-A5AD-4546-8444-7BCEBCA746E1}"
EndProject
Project("{FAE04EC0-301F-11D3-BF4B-00C04F79EFBC}") = "Rico.BootstrapSamples", "BootstrapUI\Rico.BootstrapSamples\Rico.BootstrapSamples.csproj", "{9FEC40A7-B2A4-4D16-B5EB-520B7F2B9AC2}"
EndProject
Project("{2150E333-8FDC-42A3-9474-1A3956D46DE8}") = "07-Tool", "07-Tool", "{0E0E5E38-08F8-4E1D-8DEA-25208045D331}"
EndProject
Project("{2150E333-8FDC-42A3-9474-1A3956D46DE8}") = "NugetServer", "NugetServer", "{A856DCF4-3071-41E0-B456-35F7E588FCFE}"
EndProject
Project("{2150E333-8FDC-42A3-9474-1A3956D46DE8}") = "08-BookCode", "08-BookCode", "{2A6A5DBD-0ECB-4CF3-B293-A0FD5E968607}"
EndProject
Project("{FAE04EC0-301F-11D3-BF4B-00C04F79EFBC}") = "Rico.ThreadBookSamples", "Book\Rico.ThreadBookSamples\Rico.ThreadBookSamples.csproj", "{476CD882-2B68-44D1-B1C2-654A5982028D}"
EndProject
Project("{FAE04EC0-301F-11D3-BF4B-00C04F79EFBC}") = "Rico.JavaScriptSamples", "Javascript\Rico.JavaScriptSamples\Rico.JavaScriptSamples.csproj", "{E019FBBC-0823-4BEC-A46C-46593B65C952}"
EndProject
Project("{FAE04EC0-301F-11D3-BF4B-00C04F79EFBC}") = "Rico.AngularSamples", "Javascript\Rico.AngularSamples\Rico.AngularSamples.csproj", "{88BB3693-172A-4DE6-9D9C-6C0C2A80B78B}"
EndProject
Project("{FAE04EC0-301F-11D3-BF4B-00C04F79EFBC}") = "Rico.IOC.UnitySample", "Utility\IOC\Rico.IOC.UnitySample\Rico.IOC.UnitySample.csproj", "{5687156B-3D87-4A8B-993A-F791C89D82F4}"
EndProject
Project("{2150E333-8FDC-42A3-9474-1A3956D46DE8}") = "09-BootstrapUI", "09-BootstrapUI", "{2E360D94-BE82-4DF3-9C3F-3237C76350F4}"
EndProject
Project("{FAE04EC0-301F-11D3-BF4B-00C04F79EFBC}") = "Rico.MetronicUI", "BootstrapUI\Rico.MetronicUI\Rico.MetronicUI.csproj", "{8D8D370C-B1BA-44BA-9E85-6C29C4089FEC}"
EndProject
Project("{FAE04EC0-301F-11D3-BF4B-00C04F79EFBC}") = "Rico.AceAdminUI", "BootstrapUI\Rico.AceAdminUI\Rico.AceAdminUI.csproj", "{7DA6829E-C135-4ED7-93C0-D4083C620494}"
EndProject
Project("{FAE04EC0-301F-11D3-BF4B-00C04F79EFBC}") = "Rico.InspiniaAdminUI", "BootstrapUI\Rico.InspiniaAdminUI\Rico.InspiniaAdminUI.csproj", "{BFF5166A-DCCB-41DC-A852-9CBD1EB69720}"
EndProject
Project("{FAE04EC0-301F-11D3-BF4B-00C04F79EFBC}") = "Rico.HPlusUI", "BootstrapUI\Rico.HPlusUI\Rico.HPlusUI.csproj", "{EF9F6DE3-6F59-481C-9A6C-448D4D5BAA16}"
EndProject
Project("{FAE04EC0-301F-11D3-BF4B-00C04F79EFBC}") = "Rico.LayerUI", "BootstrapUI\Rico.LayerUI\Rico.LayerUI.csproj", "{A5DAAAF9-3FBD-413B-8659-1EBEFA2FCA95}"
EndProject
Project("{FAE04EC0-301F-11D3-BF4B-00C04F79EFBC}") = "Rico.ProjectCatelogTest", "BootstrapUI\Rico.ProjectCatelogTest\Rico.ProjectCatelogTest.csproj", "{382B326F-94A3-4939-AF2B-3E9E3059922C}"
EndProject
Project("{FAE04EC0-301F-11D3-BF4B-00C04F79EFBC}") = "RicoNugetSamples", "Tool\RicoNugetSamples\RicoNugetSamples.csproj", "{175A83A5-8755-4E2F-BED7-D415A75DC6EA}"
EndProject
Project("{FAE04EC0-301F-11D3-BF4B-00C04F79EFBC}") = "RicoNugetTest", "Tool\RicoNugetTest\RicoNugetTest.csproj", "{93DB8241-38F8-4BEC-B863-8277BD4560F2}"
EndProject
Project("{FAE04EC0-301F-11D3-BF4B-00C04F79EFBC}") = "RicoNugetServerUseTest", "Tool\RicoNugetServerUseTest\RicoNugetServerUseTest.csproj", "{96DC016B-50EB-4867-BE75-7B5698B053A0}"
EndProject
Project("{2150E333-8FDC-42A3-9474-1A3956D46DE8}") = "02-MVC", "02-MVC", "{FA247EF3-033E-43CB-9CC6-4AD3225B013C}"
EndProject
Project("{FAE04EC0-301F-11D3-BF4B-00C04F79EFBC}") = "Rico.AspNetMvc.Sample", "Mvc\Rico.AspNetMvc.Sample\Rico.AspNetMvc.Sample.csproj", "{CFD07844-E252-47DA-8958-523FF4F390B0}"
EndProject
Project("{2150E333-8FDC-42A3-9474-1A3956D46DE8}") = "01-PatternAndPractise", "01-PatternAndPractise", "{6F9A87A7-4488-4291-8892-5055471FF1BD}"
EndProject
Project("{2150E333-8FDC-42A3-9474-1A3956D46DE8}") = "CQRS", "CQRS", "{575F199E-8C14-4A88-B2C6-971C47293542}"
EndProject
Project("{FAE04EC0-301F-11D3-BF4B-00C04F79EFBC}") = "Rico.CQRS", "PatternAndPractise\Rico.CQRS\Rico.CQRS.csproj", "{632A966B-E398-417E-B779-2F606D7E97AF}"
EndProject
Project("{FAE04EC0-301F-11D3-BF4B-00C04F79EFBC}") = "Rico.CQRS.Configuration", "PatternAndPractise\Rico.CQRS.Configuration\Rico.CQRS.Configuration.csproj", "{891C77B8-E4AC-4D0E-8383-09BAF44F52D2}"
EndProject
Project("{FAE04EC0-301F-11D3-BF4B-00C04F79EFBC}") = "Rico.ThreadBookWPFSample", "Book\Rico.ThreadBookWPFSample\Rico.ThreadBookWPFSample.csproj", "{E8895536-1C2E-4F2C-A81D-15020D8468FA}"
EndProject
Project("{FAE04EC0-301F-11D3-BF4B-00C04F79EFBC}") = "Rico.CQRS.WebTest", "PatternAndPractise\Rico.CQRS.WebTest\Rico.CQRS.WebTest.csproj", "{4F9D462C-4E12-48C7-8D5B-F312CCC50E18}"
EndProject
Project("{2150E333-8FDC-42A3-9474-1A3956D46DE8}") = "T4", "T4", "{AB3EDDB3-AD3F-4EC0-BB30-4F160E1693C6}"
EndProject
Project("{FAE04EC0-301F-11D3-BF4B-00C04F79EFBC}") = "Rico.T4Sample", "Tool\Rico.T4Sample\Rico.T4Sample.csproj", "{99CC9FA1-CEB0-4EF7-9F79-D71530BE1581}"
EndProject
Project("{2150E333-8FDC-42A3-9474-1A3956D46DE8}") = "Mapper", "Mapper", "{D7C10B97-F3B8-4257-A6BF-8B1DD9C0D95E}"
EndProject
Project("{FAE04EC0-301F-11D3-BF4B-00C04F79EFBC}") = "Rico.AutoMapperV3.3.1", "Utility\Mapper\Rico.AutoMapperV3.3.1\Rico.AutoMapperV3.3.1.csproj", "{699ABB27-4DF4-42FD-852A-C444CD9052E3}"
EndProject
Project("{FAE04EC0-301F-11D3-BF4B-00C04F79EFBC}") = "Rico.AutoMapperV5.2.0", "Utility\Mapper\Rico.AutoMapperV5.2.0\Rico.AutoMapperV5.2.0.csproj", "{17669BCB-AA25-4574-A353-BC7ACBB6C210}"
EndProject
Project("{FAE04EC0-301F-11D3-BF4B-00C04F79EFBC}") = "Rico.EF.Common", "Utility\ORM\Rico.EF.Common\Rico.EF.Common.csproj", "{EE821F41-18BA-4752-9FD3-766354A327AB}"
EndProject
Project("{FAE04EC0-301F-11D3-BF4B-00C04F79EFBC}") = "Rico.EmitMapperV1.0.0", "Utility\Mapper\Rico.EmitMapperV1.0.0\Rico.EmitMapperV1.0.0.csproj", "{D6A73EA5-6768-4CDA-B44A-919EED5472FE}"
EndProject
Project("{FAE04EC0-301F-11D3-BF4B-00C04F79EFBC}") = "Rico.NliteMapperV0.9.6", "Utility\Mapper\Rico.NliteMapperV0.9.6\Rico.NliteMapperV0.9.6.csproj", "{410D582F-03DB-4EAE-839E-AC16ED0CD546}"
EndProject
Project("{FAE04EC0-301F-11D3-BF4B-00C04F79EFBC}") = "Rico.Utiliy.ServiceStackRedisV4.5", "Utility\Cache\Rico.Utiliy.ServiceStackRedis\Rico.Utiliy.ServiceStackRedisV4.5.csproj", "{0FD06455-93E1-4BB5-A826-8F2374D13F2E}"
EndProject
Project("{FAE04EC0-301F-11D3-BF4B-00C04F79EFBC}") = "Rico.ServiceStackUnitTestV4.5", "Utility\Cache\Rico.ServiceStackUnitTest\Rico.ServiceStackUnitTestV4.5.csproj", "{55959558-4A53-4F5D-AAD2-0585E2343D67}"
EndProject
Project("{2150E333-8FDC-42A3-9474-1A3956D46DE8}") = "Log", "Log", "{D67595E7-F22B-40D2-B9A4-3CC0022FE2E4}"
EndProject
Project("{2150E333-8FDC-42A3-9474-1A3956D46DE8}") = "IOC", "IOC", "{0AC47D08-259A-4A88-83FF-C2B011C9928B}"
EndProject
Project("{FAE04EC0-301F-11D3-BF4B-00C04F79EFBC}") = "Rico.Log4netSample", "Utility\Log\Rico.Log4netSample\Rico.Log4netSample.csproj", "{D3422683-0D55-4DB8-A847-82CB0E2BCBD3}"
EndProject
Project("{FAE04EC0-301F-11D3-BF4B-00C04F79EFBC}") = "Rico.NLogSample", "Utility\Log\Rico.NLogSample\Rico.NLogSample.csproj", "{9F6BCCE0-FE84-45E4-A1DA-4280957343B9}"
EndProject
Project("{FAE04EC0-301F-11D3-BF4B-00C04F79EFBC}") = "Rico.NHibernateSample", "Utility\ORM\Rico.NHibernateSample\Rico.NHibernateSample.csproj", "{ADCB1C80-C7A0-478A-A981-C88C12455112}"
EndProject
Project("{2150E333-8FDC-42A3-9474-1A3956D46DE8}") = "Timer", "Timer", "{39A94AE0-9250-413A-B396-613175967814}"
EndProject
Project("{2150E333-8FDC-42A3-9474-1A3956D46DE8}") = "WindowService", "WindowService", "{9A2C40D9-7AED-4144-B42D-6EB193FD70DD}"
EndProject
Project("{2150E333-8FDC-42A3-9474-1A3956D46DE8}") = "UnitTest", "UnitTest", "{80558AB7-C5DF-4038-B2DE-C7F49ADFBFB0}"
EndProject
Project("{FAE04EC0-301F-11D3-BF4B-00C04F79EFBC}") = "Rico.MSUnitTest", "Tool\UnitTest\Rico.MSUnitTest\Rico.MSUnitTest.csproj", "{E6DB2E6B-6CBD-46CF-A44D-5EF1BD1DBFFC}"
EndProject
Project("{FAE04EC0-301F-11D3-BF4B-00C04F79EFBC}") = "Rico.XUnitTest", "Tool\UnitTest\Rico.XUnitTest\Rico.XUnitTest.csproj", "{68F01E81-2B6A-4B6C-BDB2-62758939FD56}"
EndProject
Project("{FAE04EC0-301F-11D3-BF4B-00C04F79EFBC}") = "Rico.IOC.AutoFacUnitest", "Utility\IOC\Rico.IOC.AutoFacUnitest\Rico.IOC.AutoFacUnitest.csproj", "{9E05A077-FCA1-4F28-A14D-9C5F0788EE91}"
EndProject
Project("{FAE04EC0-301F-11D3-BF4B-00C04F79EFBC}") = "Rico.NunitTest", "Tool\UnitTest\Rico.NunitTest\Rico.NunitTest.csproj", "{E0427E85-8C0E-4D8D-8A78-13F65CDD7895}"
EndProject
Project("{FAE04EC0-301F-11D3-BF4B-00C04F79EFBC}") = "Baitu.UnitTest", "Baitu\Baitu.UnitTest\Baitu.UnitTest.csproj", "{0433CB1F-FFE1-4B29-A641-3B87D4EC9648}"
EndProject
Project("{FAE04EC0-301F-11D3-BF4B-00C04F79EFBC}") = "Rico.MiniProfilterSample", "Tool\Rico.MiniProfilterSample\Rico.MiniProfilterSample.csproj", "{C1E4ED8E-4327-4E9A-A3F7-5B0AEE3B8E44}"
EndProject
Project("{FAE04EC0-301F-11D3-BF4B-00C04F79EFBC}") = "Rico.EF6Samples", "Utility\ORM\Rico.EF6Samples\Rico.EF6Samples.csproj", "{8AEC6AEE-6EE2-4FFD-A28E-63EE63DB69BF}"
EndProject
Project("{FAE04EC0-301F-11D3-BF4B-00C04F79EFBC}") = "Rico.EFSample.Model", "Rico.EFSample.Model\Rico.EFSample.Model.csproj", "{6FE5F6F6-472E-4CD3-AC97-2F36521C9C93}"
EndProject
Project("{2150E333-8FDC-42A3-9474-1A3956D46DE8}") = "EF", "EF", "{7D183A58-72B0-41EC-9DF6-366765B4F624}"
EndProject
Project("{2150E333-8FDC-42A3-9474-1A3956D46DE8}") = "Excel", "Excel", "{FBF681A7-44F5-4194-84E6-87736EFB5D49}"
EndProject
Project("{FAE04EC0-301F-11D3-BF4B-00C04F79EFBC}") = "Rico.NPOISample", "Utility\Excel\Rico.NPOISample\Rico.NPOISample.csproj", "{64ACE779-2887-4EBD-B363-5D0D6A9BF82F}"
EndProject
Project("{FAE04EC0-301F-11D3-BF4B-00C04F79EFBC}") = "BaituWebApp", "Baitu\BaituWebApp\BaituWebApp.csproj", "{6DAF5C6A-8387-4625-BBAB-3EEDA3946884}"
EndProject
Project("{2150E333-8FDC-42A3-9474-1A3956D46DE8}") = "03-NetCore", "03-NetCore", "{DBC76F49-FF22-4A9A-AF85-E3A5B583C44E}"
EndProject
Project("{FAE04EC0-301F-11D3-BF4B-00C04F79EFBC}") = "Rico.IISHostConsole", "NetCore\Rico.IISHostConsole\Rico.IISHostConsole.csproj", "{4EC9BCD4-5ABE-4203-B595-4BD4C3B937E4}"
EndProject
Project("{2150E333-8FDC-42A3-9474-1A3956D46DE8}") = "06-SQLServer", "06-SQLServer", "{DFF37884-51AA-484E-90A2-E61C05C97281}"
EndProject
Project("{FAE04EC0-301F-11D3-BF4B-00C04F79EFBC}") = "Rico.SqlServerDemo", "SqlServer\Rico.SqlServerDemo\Rico.SqlServerDemo.csproj", "{5E02F140-8504-40B7-8F17-8F49DB4F6831}"
EndProject
Project("{FAE04EC0-301F-11D3-BF4B-00C04F79EFBC}") = "Rico.AspNetWebForm", "Mvc\Rico.AspNetWebForm\Rico.AspNetWebForm.csproj", "{AAB16900-44AF-45A7-8553-CD8A764EF933}"
EndProject
Project("{FAE04EC0-301F-11D3-BF4B-00C04F79EFBC}") = "Rico.OwinWebApi", "NetCore\Rico.OwinWebApi\Rico.OwinWebApi.csproj", "{689B5E68-23C7-4CE5-B33E-0C8760F65D0C}"
EndProject
Project("{FAE04EC0-301F-11D3-BF4B-00C04F79EFBC}") = "Rico.OwinWebApiOauth", "NetCore\Rico.OwinWebApiOauth\Rico.OwinWebApiOauth.csproj", "{4CE0B8C9-B918-4EAC-9B5F-C3D910FB6A85}"
EndProject
Project("{FAE04EC0-301F-11D3-BF4B-00C04F79EFBC}") = "Rico.NetCoreUnitTest", "NetCore\Rico.NetCoreUnitTest\Rico.NetCoreUnitTest.csproj", "{AA0093C6-3132-49F4-9F6C-4833E2BEF9E1}"
EndProject
Project("{FAE04EC0-301F-11D3-BF4B-00C04F79EFBC}") = "Rico.AspNetWebApi", "Mvc\Rico.AspNetWebApi\Rico.AspNetWebApi.csproj", "{22D8180D-6350-4E72-8BEA-E7C8C4C118F8}"
EndProject
Global
	GlobalSection(SolutionConfigurationPlatforms) = preSolution
		Debug|Any CPU = Debug|Any CPU
		Release|Any CPU = Release|Any CPU
	EndGlobalSection
	GlobalSection(ProjectConfigurationPlatforms) = postSolution
		{D45F1B2E-53A2-49BF-BCF0-58E675F154B6}.Debug|Any CPU.ActiveCfg = Debug|Any CPU
		{D45F1B2E-53A2-49BF-BCF0-58E675F154B6}.Debug|Any CPU.Build.0 = Debug|Any CPU
		{D45F1B2E-53A2-49BF-BCF0-58E675F154B6}.Release|Any CPU.ActiveCfg = Release|Any CPU
		{D45F1B2E-53A2-49BF-BCF0-58E675F154B6}.Release|Any CPU.Build.0 = Release|Any CPU
		{03F90A73-00BC-4F1D-A366-8059F6104243}.Debug|Any CPU.ActiveCfg = Debug|Any CPU
		{03F90A73-00BC-4F1D-A366-8059F6104243}.Debug|Any CPU.Build.0 = Debug|Any CPU
		{03F90A73-00BC-4F1D-A366-8059F6104243}.Release|Any CPU.ActiveCfg = Release|Any CPU
		{03F90A73-00BC-4F1D-A366-8059F6104243}.Release|Any CPU.Build.0 = Release|Any CPU
		{2A97A6A9-9273-4B84-86FE-8569A13F85A8}.Debug|Any CPU.ActiveCfg = Debug|Any CPU
		{2A97A6A9-9273-4B84-86FE-8569A13F85A8}.Debug|Any CPU.Build.0 = Debug|Any CPU
		{2A97A6A9-9273-4B84-86FE-8569A13F85A8}.Release|Any CPU.ActiveCfg = Release|Any CPU
		{2A97A6A9-9273-4B84-86FE-8569A13F85A8}.Release|Any CPU.Build.0 = Release|Any CPU
		{04499BB0-6570-4EC1-8454-8B59F2737D99}.Debug|Any CPU.ActiveCfg = Debug|Any CPU
		{04499BB0-6570-4EC1-8454-8B59F2737D99}.Debug|Any CPU.Build.0 = Debug|Any CPU
		{04499BB0-6570-4EC1-8454-8B59F2737D99}.Release|Any CPU.ActiveCfg = Release|Any CPU
		{04499BB0-6570-4EC1-8454-8B59F2737D99}.Release|Any CPU.Build.0 = Release|Any CPU
		{1C059050-8694-46F1-BCDA-5FE05E281F5D}.Debug|Any CPU.ActiveCfg = Debug|Any CPU
		{1C059050-8694-46F1-BCDA-5FE05E281F5D}.Debug|Any CPU.Build.0 = Debug|Any CPU
		{1C059050-8694-46F1-BCDA-5FE05E281F5D}.Release|Any CPU.ActiveCfg = Release|Any CPU
		{1C059050-8694-46F1-BCDA-5FE05E281F5D}.Release|Any CPU.Build.0 = Release|Any CPU
		{5AB9A695-5D25-4269-9590-189BD002AB6F}.Debug|Any CPU.ActiveCfg = Debug|Any CPU
		{5AB9A695-5D25-4269-9590-189BD002AB6F}.Debug|Any CPU.Build.0 = Debug|Any CPU
		{5AB9A695-5D25-4269-9590-189BD002AB6F}.Release|Any CPU.ActiveCfg = Release|Any CPU
		{5AB9A695-5D25-4269-9590-189BD002AB6F}.Release|Any CPU.Build.0 = Release|Any CPU
		{A964980D-9DF4-44F2-914E-FDEB000552D6}.Debug|Any CPU.ActiveCfg = Debug|Any CPU
		{A964980D-9DF4-44F2-914E-FDEB000552D6}.Debug|Any CPU.Build.0 = Debug|Any CPU
		{A964980D-9DF4-44F2-914E-FDEB000552D6}.Release|Any CPU.ActiveCfg = Release|Any CPU
		{A964980D-9DF4-44F2-914E-FDEB000552D6}.Release|Any CPU.Build.0 = Release|Any CPU
		{FAEE4150-2873-49BC-BE3C-B514FF416064}.Debug|Any CPU.ActiveCfg = Debug|Any CPU
		{FAEE4150-2873-49BC-BE3C-B514FF416064}.Debug|Any CPU.Build.0 = Debug|Any CPU
		{FAEE4150-2873-49BC-BE3C-B514FF416064}.Release|Any CPU.ActiveCfg = Release|Any CPU
		{FAEE4150-2873-49BC-BE3C-B514FF416064}.Release|Any CPU.Build.0 = Release|Any CPU
		{FD3E4A60-03FE-42D0-BE22-48F0756C9C41}.Debug|Any CPU.ActiveCfg = Debug|Any CPU
		{FD3E4A60-03FE-42D0-BE22-48F0756C9C41}.Debug|Any CPU.Build.0 = Debug|Any CPU
		{FD3E4A60-03FE-42D0-BE22-48F0756C9C41}.Release|Any CPU.ActiveCfg = Release|Any CPU
		{FD3E4A60-03FE-42D0-BE22-48F0756C9C41}.Release|Any CPU.Build.0 = Release|Any CPU
		{6E3B4FBE-66D7-48CF-B605-525972218213}.Debug|Any CPU.ActiveCfg = Debug|Any CPU
		{6E3B4FBE-66D7-48CF-B605-525972218213}.Debug|Any CPU.Build.0 = Debug|Any CPU
		{6E3B4FBE-66D7-48CF-B605-525972218213}.Release|Any CPU.ActiveCfg = Release|Any CPU
		{6E3B4FBE-66D7-48CF-B605-525972218213}.Release|Any CPU.Build.0 = Release|Any CPU
		{B846CC39-30AD-421D-A9E7-D4F41FFA8A85}.Debug|Any CPU.ActiveCfg = Debug|Any CPU
		{B846CC39-30AD-421D-A9E7-D4F41FFA8A85}.Debug|Any CPU.Build.0 = Debug|Any CPU
		{B846CC39-30AD-421D-A9E7-D4F41FFA8A85}.Release|Any CPU.ActiveCfg = Release|Any CPU
		{B846CC39-30AD-421D-A9E7-D4F41FFA8A85}.Release|Any CPU.Build.0 = Release|Any CPU
		{17B52EF8-1CED-4AE6-AF6C-1569CB772AC7}.Debug|Any CPU.ActiveCfg = Debug|Any CPU
		{17B52EF8-1CED-4AE6-AF6C-1569CB772AC7}.Debug|Any CPU.Build.0 = Debug|Any CPU
		{17B52EF8-1CED-4AE6-AF6C-1569CB772AC7}.Release|Any CPU.ActiveCfg = Release|Any CPU
		{17B52EF8-1CED-4AE6-AF6C-1569CB772AC7}.Release|Any CPU.Build.0 = Release|Any CPU
		{6C80D7C5-A42A-46B2-81C7-968CC71BA602}.Debug|Any CPU.ActiveCfg = Debug|Any CPU
		{6C80D7C5-A42A-46B2-81C7-968CC71BA602}.Debug|Any CPU.Build.0 = Debug|Any CPU
		{6C80D7C5-A42A-46B2-81C7-968CC71BA602}.Release|Any CPU.ActiveCfg = Release|Any CPU
		{6C80D7C5-A42A-46B2-81C7-968CC71BA602}.Release|Any CPU.Build.0 = Release|Any CPU
		{440AC151-FA5D-473B-8689-2B2A1F3D7011}.Debug|Any CPU.ActiveCfg = Debug|Any CPU
		{440AC151-FA5D-473B-8689-2B2A1F3D7011}.Debug|Any CPU.Build.0 = Debug|Any CPU
		{440AC151-FA5D-473B-8689-2B2A1F3D7011}.Release|Any CPU.ActiveCfg = Release|Any CPU
		{440AC151-FA5D-473B-8689-2B2A1F3D7011}.Release|Any CPU.Build.0 = Release|Any CPU
		{2C1DB053-3038-48E7-BD02-02247C4703E0}.Debug|Any CPU.ActiveCfg = Debug|Any CPU
		{2C1DB053-3038-48E7-BD02-02247C4703E0}.Debug|Any CPU.Build.0 = Debug|Any CPU
		{2C1DB053-3038-48E7-BD02-02247C4703E0}.Release|Any CPU.ActiveCfg = Release|Any CPU
		{2C1DB053-3038-48E7-BD02-02247C4703E0}.Release|Any CPU.Build.0 = Release|Any CPU
		{91825211-7393-4932-A5AC-887B6992F00D}.Debug|Any CPU.ActiveCfg = Debug|Any CPU
		{91825211-7393-4932-A5AC-887B6992F00D}.Debug|Any CPU.Build.0 = Debug|Any CPU
		{91825211-7393-4932-A5AC-887B6992F00D}.Release|Any CPU.ActiveCfg = Release|Any CPU
		{91825211-7393-4932-A5AC-887B6992F00D}.Release|Any CPU.Build.0 = Release|Any CPU
		{459B0067-0ABD-4663-ACDD-529C07468CC6}.Debug|Any CPU.ActiveCfg = Debug|Any CPU
		{459B0067-0ABD-4663-ACDD-529C07468CC6}.Debug|Any CPU.Build.0 = Debug|Any CPU
		{459B0067-0ABD-4663-ACDD-529C07468CC6}.Release|Any CPU.ActiveCfg = Release|Any CPU
		{459B0067-0ABD-4663-ACDD-529C07468CC6}.Release|Any CPU.Build.0 = Release|Any CPU
		{04F3C021-BD6F-4102-A068-2F31A9A6AF17}.Debug|Any CPU.ActiveCfg = Debug|Any CPU
		{04F3C021-BD6F-4102-A068-2F31A9A6AF17}.Debug|Any CPU.Build.0 = Debug|Any CPU
		{04F3C021-BD6F-4102-A068-2F31A9A6AF17}.Release|Any CPU.ActiveCfg = Release|Any CPU
		{04F3C021-BD6F-4102-A068-2F31A9A6AF17}.Release|Any CPU.Build.0 = Release|Any CPU
		{9FEC40A7-B2A4-4D16-B5EB-520B7F2B9AC2}.Debug|Any CPU.ActiveCfg = Debug|Any CPU
		{9FEC40A7-B2A4-4D16-B5EB-520B7F2B9AC2}.Debug|Any CPU.Build.0 = Debug|Any CPU
		{9FEC40A7-B2A4-4D16-B5EB-520B7F2B9AC2}.Release|Any CPU.ActiveCfg = Release|Any CPU
		{9FEC40A7-B2A4-4D16-B5EB-520B7F2B9AC2}.Release|Any CPU.Build.0 = Release|Any CPU
		{476CD882-2B68-44D1-B1C2-654A5982028D}.Debug|Any CPU.ActiveCfg = Debug|Any CPU
		{476CD882-2B68-44D1-B1C2-654A5982028D}.Debug|Any CPU.Build.0 = Debug|Any CPU
		{476CD882-2B68-44D1-B1C2-654A5982028D}.Release|Any CPU.ActiveCfg = Release|Any CPU
		{476CD882-2B68-44D1-B1C2-654A5982028D}.Release|Any CPU.Build.0 = Release|Any CPU
		{E019FBBC-0823-4BEC-A46C-46593B65C952}.Debug|Any CPU.ActiveCfg = Debug|Any CPU
		{E019FBBC-0823-4BEC-A46C-46593B65C952}.Debug|Any CPU.Build.0 = Debug|Any CPU
		{E019FBBC-0823-4BEC-A46C-46593B65C952}.Release|Any CPU.ActiveCfg = Release|Any CPU
		{E019FBBC-0823-4BEC-A46C-46593B65C952}.Release|Any CPU.Build.0 = Release|Any CPU
		{88BB3693-172A-4DE6-9D9C-6C0C2A80B78B}.Debug|Any CPU.ActiveCfg = Debug|Any CPU
		{88BB3693-172A-4DE6-9D9C-6C0C2A80B78B}.Debug|Any CPU.Build.0 = Debug|Any CPU
		{88BB3693-172A-4DE6-9D9C-6C0C2A80B78B}.Release|Any CPU.ActiveCfg = Release|Any CPU
		{88BB3693-172A-4DE6-9D9C-6C0C2A80B78B}.Release|Any CPU.Build.0 = Release|Any CPU
		{5687156B-3D87-4A8B-993A-F791C89D82F4}.Debug|Any CPU.ActiveCfg = Debug|Any CPU
		{5687156B-3D87-4A8B-993A-F791C89D82F4}.Debug|Any CPU.Build.0 = Debug|Any CPU
		{5687156B-3D87-4A8B-993A-F791C89D82F4}.Release|Any CPU.ActiveCfg = Release|Any CPU
		{5687156B-3D87-4A8B-993A-F791C89D82F4}.Release|Any CPU.Build.0 = Release|Any CPU
		{8D8D370C-B1BA-44BA-9E85-6C29C4089FEC}.Debug|Any CPU.ActiveCfg = Debug|Any CPU
		{8D8D370C-B1BA-44BA-9E85-6C29C4089FEC}.Debug|Any CPU.Build.0 = Debug|Any CPU
		{8D8D370C-B1BA-44BA-9E85-6C29C4089FEC}.Release|Any CPU.ActiveCfg = Release|Any CPU
		{8D8D370C-B1BA-44BA-9E85-6C29C4089FEC}.Release|Any CPU.Build.0 = Release|Any CPU
		{7DA6829E-C135-4ED7-93C0-D4083C620494}.Debug|Any CPU.ActiveCfg = Debug|Any CPU
		{7DA6829E-C135-4ED7-93C0-D4083C620494}.Debug|Any CPU.Build.0 = Debug|Any CPU
		{7DA6829E-C135-4ED7-93C0-D4083C620494}.Release|Any CPU.ActiveCfg = Release|Any CPU
		{7DA6829E-C135-4ED7-93C0-D4083C620494}.Release|Any CPU.Build.0 = Release|Any CPU
		{BFF5166A-DCCB-41DC-A852-9CBD1EB69720}.Debug|Any CPU.ActiveCfg = Debug|Any CPU
		{BFF5166A-DCCB-41DC-A852-9CBD1EB69720}.Debug|Any CPU.Build.0 = Debug|Any CPU
		{BFF5166A-DCCB-41DC-A852-9CBD1EB69720}.Release|Any CPU.ActiveCfg = Release|Any CPU
		{BFF5166A-DCCB-41DC-A852-9CBD1EB69720}.Release|Any CPU.Build.0 = Release|Any CPU
		{EF9F6DE3-6F59-481C-9A6C-448D4D5BAA16}.Debug|Any CPU.ActiveCfg = Debug|Any CPU
		{EF9F6DE3-6F59-481C-9A6C-448D4D5BAA16}.Debug|Any CPU.Build.0 = Debug|Any CPU
		{EF9F6DE3-6F59-481C-9A6C-448D4D5BAA16}.Release|Any CPU.ActiveCfg = Release|Any CPU
		{EF9F6DE3-6F59-481C-9A6C-448D4D5BAA16}.Release|Any CPU.Build.0 = Release|Any CPU
		{A5DAAAF9-3FBD-413B-8659-1EBEFA2FCA95}.Debug|Any CPU.ActiveCfg = Debug|Any CPU
		{A5DAAAF9-3FBD-413B-8659-1EBEFA2FCA95}.Debug|Any CPU.Build.0 = Debug|Any CPU
		{A5DAAAF9-3FBD-413B-8659-1EBEFA2FCA95}.Release|Any CPU.ActiveCfg = Release|Any CPU
		{A5DAAAF9-3FBD-413B-8659-1EBEFA2FCA95}.Release|Any CPU.Build.0 = Release|Any CPU
		{382B326F-94A3-4939-AF2B-3E9E3059922C}.Debug|Any CPU.ActiveCfg = Debug|Any CPU
		{382B326F-94A3-4939-AF2B-3E9E3059922C}.Debug|Any CPU.Build.0 = Debug|Any CPU
		{382B326F-94A3-4939-AF2B-3E9E3059922C}.Release|Any CPU.ActiveCfg = Release|Any CPU
		{382B326F-94A3-4939-AF2B-3E9E3059922C}.Release|Any CPU.Build.0 = Release|Any CPU
		{175A83A5-8755-4E2F-BED7-D415A75DC6EA}.Debug|Any CPU.ActiveCfg = Debug|Any CPU
		{175A83A5-8755-4E2F-BED7-D415A75DC6EA}.Debug|Any CPU.Build.0 = Debug|Any CPU
		{175A83A5-8755-4E2F-BED7-D415A75DC6EA}.Release|Any CPU.ActiveCfg = Release|Any CPU
		{175A83A5-8755-4E2F-BED7-D415A75DC6EA}.Release|Any CPU.Build.0 = Release|Any CPU
		{93DB8241-38F8-4BEC-B863-8277BD4560F2}.Debug|Any CPU.ActiveCfg = Debug|Any CPU
		{93DB8241-38F8-4BEC-B863-8277BD4560F2}.Debug|Any CPU.Build.0 = Debug|Any CPU
		{93DB8241-38F8-4BEC-B863-8277BD4560F2}.Release|Any CPU.ActiveCfg = Release|Any CPU
		{93DB8241-38F8-4BEC-B863-8277BD4560F2}.Release|Any CPU.Build.0 = Release|Any CPU
		{96DC016B-50EB-4867-BE75-7B5698B053A0}.Debug|Any CPU.ActiveCfg = Debug|Any CPU
		{96DC016B-50EB-4867-BE75-7B5698B053A0}.Debug|Any CPU.Build.0 = Debug|Any CPU
		{96DC016B-50EB-4867-BE75-7B5698B053A0}.Release|Any CPU.ActiveCfg = Release|Any CPU
		{96DC016B-50EB-4867-BE75-7B5698B053A0}.Release|Any CPU.Build.0 = Release|Any CPU
		{CFD07844-E252-47DA-8958-523FF4F390B0}.Debug|Any CPU.ActiveCfg = Debug|Any CPU
		{CFD07844-E252-47DA-8958-523FF4F390B0}.Debug|Any CPU.Build.0 = Debug|Any CPU
		{CFD07844-E252-47DA-8958-523FF4F390B0}.Release|Any CPU.ActiveCfg = Release|Any CPU
		{CFD07844-E252-47DA-8958-523FF4F390B0}.Release|Any CPU.Build.0 = Release|Any CPU
		{632A966B-E398-417E-B779-2F606D7E97AF}.Debug|Any CPU.ActiveCfg = Debug|Any CPU
		{632A966B-E398-417E-B779-2F606D7E97AF}.Debug|Any CPU.Build.0 = Debug|Any CPU
		{632A966B-E398-417E-B779-2F606D7E97AF}.Release|Any CPU.ActiveCfg = Release|Any CPU
		{632A966B-E398-417E-B779-2F606D7E97AF}.Release|Any CPU.Build.0 = Release|Any CPU
		{891C77B8-E4AC-4D0E-8383-09BAF44F52D2}.Debug|Any CPU.ActiveCfg = Debug|Any CPU
		{891C77B8-E4AC-4D0E-8383-09BAF44F52D2}.Debug|Any CPU.Build.0 = Debug|Any CPU
		{891C77B8-E4AC-4D0E-8383-09BAF44F52D2}.Release|Any CPU.ActiveCfg = Release|Any CPU
		{891C77B8-E4AC-4D0E-8383-09BAF44F52D2}.Release|Any CPU.Build.0 = Release|Any CPU
		{E8895536-1C2E-4F2C-A81D-15020D8468FA}.Debug|Any CPU.ActiveCfg = Debug|Any CPU
		{E8895536-1C2E-4F2C-A81D-15020D8468FA}.Debug|Any CPU.Build.0 = Debug|Any CPU
		{E8895536-1C2E-4F2C-A81D-15020D8468FA}.Release|Any CPU.ActiveCfg = Release|Any CPU
		{E8895536-1C2E-4F2C-A81D-15020D8468FA}.Release|Any CPU.Build.0 = Release|Any CPU
		{4F9D462C-4E12-48C7-8D5B-F312CCC50E18}.Debug|Any CPU.ActiveCfg = Debug|Any CPU
		{4F9D462C-4E12-48C7-8D5B-F312CCC50E18}.Debug|Any CPU.Build.0 = Debug|Any CPU
		{4F9D462C-4E12-48C7-8D5B-F312CCC50E18}.Release|Any CPU.ActiveCfg = Release|Any CPU
		{4F9D462C-4E12-48C7-8D5B-F312CCC50E18}.Release|Any CPU.Build.0 = Release|Any CPU
		{99CC9FA1-CEB0-4EF7-9F79-D71530BE1581}.Debug|Any CPU.ActiveCfg = Debug|Any CPU
		{99CC9FA1-CEB0-4EF7-9F79-D71530BE1581}.Debug|Any CPU.Build.0 = Debug|Any CPU
		{99CC9FA1-CEB0-4EF7-9F79-D71530BE1581}.Release|Any CPU.ActiveCfg = Release|Any CPU
		{99CC9FA1-CEB0-4EF7-9F79-D71530BE1581}.Release|Any CPU.Build.0 = Release|Any CPU
		{699ABB27-4DF4-42FD-852A-C444CD9052E3}.Debug|Any CPU.ActiveCfg = Debug|Any CPU
		{699ABB27-4DF4-42FD-852A-C444CD9052E3}.Debug|Any CPU.Build.0 = Debug|Any CPU
		{699ABB27-4DF4-42FD-852A-C444CD9052E3}.Release|Any CPU.ActiveCfg = Release|Any CPU
		{699ABB27-4DF4-42FD-852A-C444CD9052E3}.Release|Any CPU.Build.0 = Release|Any CPU
		{17669BCB-AA25-4574-A353-BC7ACBB6C210}.Debug|Any CPU.ActiveCfg = Debug|Any CPU
		{17669BCB-AA25-4574-A353-BC7ACBB6C210}.Debug|Any CPU.Build.0 = Debug|Any CPU
		{17669BCB-AA25-4574-A353-BC7ACBB6C210}.Release|Any CPU.ActiveCfg = Release|Any CPU
		{17669BCB-AA25-4574-A353-BC7ACBB6C210}.Release|Any CPU.Build.0 = Release|Any CPU
		{EE821F41-18BA-4752-9FD3-766354A327AB}.Debug|Any CPU.ActiveCfg = Debug|Any CPU
		{EE821F41-18BA-4752-9FD3-766354A327AB}.Debug|Any CPU.Build.0 = Debug|Any CPU
		{EE821F41-18BA-4752-9FD3-766354A327AB}.Release|Any CPU.ActiveCfg = Release|Any CPU
		{EE821F41-18BA-4752-9FD3-766354A327AB}.Release|Any CPU.Build.0 = Release|Any CPU
		{D6A73EA5-6768-4CDA-B44A-919EED5472FE}.Debug|Any CPU.ActiveCfg = Debug|Any CPU
		{D6A73EA5-6768-4CDA-B44A-919EED5472FE}.Debug|Any CPU.Build.0 = Debug|Any CPU
		{D6A73EA5-6768-4CDA-B44A-919EED5472FE}.Release|Any CPU.ActiveCfg = Release|Any CPU
		{D6A73EA5-6768-4CDA-B44A-919EED5472FE}.Release|Any CPU.Build.0 = Release|Any CPU
		{410D582F-03DB-4EAE-839E-AC16ED0CD546}.Debug|Any CPU.ActiveCfg = Debug|Any CPU
		{410D582F-03DB-4EAE-839E-AC16ED0CD546}.Debug|Any CPU.Build.0 = Debug|Any CPU
		{410D582F-03DB-4EAE-839E-AC16ED0CD546}.Release|Any CPU.ActiveCfg = Release|Any CPU
		{410D582F-03DB-4EAE-839E-AC16ED0CD546}.Release|Any CPU.Build.0 = Release|Any CPU
		{0FD06455-93E1-4BB5-A826-8F2374D13F2E}.Debug|Any CPU.ActiveCfg = Debug|Any CPU
		{0FD06455-93E1-4BB5-A826-8F2374D13F2E}.Debug|Any CPU.Build.0 = Debug|Any CPU
		{0FD06455-93E1-4BB5-A826-8F2374D13F2E}.Release|Any CPU.ActiveCfg = Release|Any CPU
		{0FD06455-93E1-4BB5-A826-8F2374D13F2E}.Release|Any CPU.Build.0 = Release|Any CPU
		{55959558-4A53-4F5D-AAD2-0585E2343D67}.Debug|Any CPU.ActiveCfg = Debug|Any CPU
		{55959558-4A53-4F5D-AAD2-0585E2343D67}.Debug|Any CPU.Build.0 = Debug|Any CPU
		{55959558-4A53-4F5D-AAD2-0585E2343D67}.Release|Any CPU.ActiveCfg = Release|Any CPU
		{55959558-4A53-4F5D-AAD2-0585E2343D67}.Release|Any CPU.Build.0 = Release|Any CPU
		{D3422683-0D55-4DB8-A847-82CB0E2BCBD3}.Debug|Any CPU.ActiveCfg = Debug|Any CPU
		{D3422683-0D55-4DB8-A847-82CB0E2BCBD3}.Debug|Any CPU.Build.0 = Debug|Any CPU
		{D3422683-0D55-4DB8-A847-82CB0E2BCBD3}.Release|Any CPU.ActiveCfg = Release|Any CPU
		{D3422683-0D55-4DB8-A847-82CB0E2BCBD3}.Release|Any CPU.Build.0 = Release|Any CPU
		{9F6BCCE0-FE84-45E4-A1DA-4280957343B9}.Debug|Any CPU.ActiveCfg = Debug|Any CPU
		{9F6BCCE0-FE84-45E4-A1DA-4280957343B9}.Debug|Any CPU.Build.0 = Debug|Any CPU
		{9F6BCCE0-FE84-45E4-A1DA-4280957343B9}.Release|Any CPU.ActiveCfg = Release|Any CPU
		{9F6BCCE0-FE84-45E4-A1DA-4280957343B9}.Release|Any CPU.Build.0 = Release|Any CPU
		{ADCB1C80-C7A0-478A-A981-C88C12455112}.Debug|Any CPU.ActiveCfg = Debug|Any CPU
		{ADCB1C80-C7A0-478A-A981-C88C12455112}.Debug|Any CPU.Build.0 = Debug|Any CPU
		{ADCB1C80-C7A0-478A-A981-C88C12455112}.Release|Any CPU.ActiveCfg = Release|Any CPU
		{ADCB1C80-C7A0-478A-A981-C88C12455112}.Release|Any CPU.Build.0 = Release|Any CPU
		{E6DB2E6B-6CBD-46CF-A44D-5EF1BD1DBFFC}.Debug|Any CPU.ActiveCfg = Debug|Any CPU
		{E6DB2E6B-6CBD-46CF-A44D-5EF1BD1DBFFC}.Debug|Any CPU.Build.0 = Debug|Any CPU
		{E6DB2E6B-6CBD-46CF-A44D-5EF1BD1DBFFC}.Release|Any CPU.ActiveCfg = Release|Any CPU
		{E6DB2E6B-6CBD-46CF-A44D-5EF1BD1DBFFC}.Release|Any CPU.Build.0 = Release|Any CPU
		{68F01E81-2B6A-4B6C-BDB2-62758939FD56}.Debug|Any CPU.ActiveCfg = Debug|Any CPU
		{68F01E81-2B6A-4B6C-BDB2-62758939FD56}.Debug|Any CPU.Build.0 = Debug|Any CPU
		{68F01E81-2B6A-4B6C-BDB2-62758939FD56}.Release|Any CPU.ActiveCfg = Release|Any CPU
		{68F01E81-2B6A-4B6C-BDB2-62758939FD56}.Release|Any CPU.Build.0 = Release|Any CPU
		{9E05A077-FCA1-4F28-A14D-9C5F0788EE91}.Debug|Any CPU.ActiveCfg = Debug|Any CPU
		{9E05A077-FCA1-4F28-A14D-9C5F0788EE91}.Debug|Any CPU.Build.0 = Debug|Any CPU
		{9E05A077-FCA1-4F28-A14D-9C5F0788EE91}.Release|Any CPU.ActiveCfg = Release|Any CPU
		{9E05A077-FCA1-4F28-A14D-9C5F0788EE91}.Release|Any CPU.Build.0 = Release|Any CPU
		{E0427E85-8C0E-4D8D-8A78-13F65CDD7895}.Debug|Any CPU.ActiveCfg = Debug|Any CPU
		{E0427E85-8C0E-4D8D-8A78-13F65CDD7895}.Debug|Any CPU.Build.0 = Debug|Any CPU
		{E0427E85-8C0E-4D8D-8A78-13F65CDD7895}.Release|Any CPU.ActiveCfg = Release|Any CPU
		{E0427E85-8C0E-4D8D-8A78-13F65CDD7895}.Release|Any CPU.Build.0 = Release|Any CPU
		{0433CB1F-FFE1-4B29-A641-3B87D4EC9648}.Debug|Any CPU.ActiveCfg = Debug|Any CPU
		{0433CB1F-FFE1-4B29-A641-3B87D4EC9648}.Debug|Any CPU.Build.0 = Debug|Any CPU
		{0433CB1F-FFE1-4B29-A641-3B87D4EC9648}.Release|Any CPU.ActiveCfg = Release|Any CPU
		{0433CB1F-FFE1-4B29-A641-3B87D4EC9648}.Release|Any CPU.Build.0 = Release|Any CPU
		{C1E4ED8E-4327-4E9A-A3F7-5B0AEE3B8E44}.Debug|Any CPU.ActiveCfg = Debug|Any CPU
		{C1E4ED8E-4327-4E9A-A3F7-5B0AEE3B8E44}.Debug|Any CPU.Build.0 = Debug|Any CPU
		{C1E4ED8E-4327-4E9A-A3F7-5B0AEE3B8E44}.Release|Any CPU.ActiveCfg = Release|Any CPU
		{C1E4ED8E-4327-4E9A-A3F7-5B0AEE3B8E44}.Release|Any CPU.Build.0 = Release|Any CPU
		{8AEC6AEE-6EE2-4FFD-A28E-63EE63DB69BF}.Debug|Any CPU.ActiveCfg = Debug|Any CPU
		{8AEC6AEE-6EE2-4FFD-A28E-63EE63DB69BF}.Debug|Any CPU.Build.0 = Debug|Any CPU
		{8AEC6AEE-6EE2-4FFD-A28E-63EE63DB69BF}.Release|Any CPU.ActiveCfg = Release|Any CPU
		{8AEC6AEE-6EE2-4FFD-A28E-63EE63DB69BF}.Release|Any CPU.Build.0 = Release|Any CPU
		{6FE5F6F6-472E-4CD3-AC97-2F36521C9C93}.Debug|Any CPU.ActiveCfg = Debug|Any CPU
		{6FE5F6F6-472E-4CD3-AC97-2F36521C9C93}.Debug|Any CPU.Build.0 = Debug|Any CPU
		{6FE5F6F6-472E-4CD3-AC97-2F36521C9C93}.Release|Any CPU.ActiveCfg = Release|Any CPU
		{6FE5F6F6-472E-4CD3-AC97-2F36521C9C93}.Release|Any CPU.Build.0 = Release|Any CPU
		{64ACE779-2887-4EBD-B363-5D0D6A9BF82F}.Debug|Any CPU.ActiveCfg = Debug|Any CPU
		{64ACE779-2887-4EBD-B363-5D0D6A9BF82F}.Debug|Any CPU.Build.0 = Debug|Any CPU
		{64ACE779-2887-4EBD-B363-5D0D6A9BF82F}.Release|Any CPU.ActiveCfg = Release|Any CPU
		{64ACE779-2887-4EBD-B363-5D0D6A9BF82F}.Release|Any CPU.Build.0 = Release|Any CPU
		{6DAF5C6A-8387-4625-BBAB-3EEDA3946884}.Debug|Any CPU.ActiveCfg = Debug|Any CPU
		{6DAF5C6A-8387-4625-BBAB-3EEDA3946884}.Debug|Any CPU.Build.0 = Debug|Any CPU
		{6DAF5C6A-8387-4625-BBAB-3EEDA3946884}.Release|Any CPU.ActiveCfg = Release|Any CPU
		{6DAF5C6A-8387-4625-BBAB-3EEDA3946884}.Release|Any CPU.Build.0 = Release|Any CPU
		{4EC9BCD4-5ABE-4203-B595-4BD4C3B937E4}.Debug|Any CPU.ActiveCfg = Debug|Any CPU
		{4EC9BCD4-5ABE-4203-B595-4BD4C3B937E4}.Debug|Any CPU.Build.0 = Debug|Any CPU
		{4EC9BCD4-5ABE-4203-B595-4BD4C3B937E4}.Release|Any CPU.ActiveCfg = Release|Any CPU
		{4EC9BCD4-5ABE-4203-B595-4BD4C3B937E4}.Release|Any CPU.Build.0 = Release|Any CPU
		{5E02F140-8504-40B7-8F17-8F49DB4F6831}.Debug|Any CPU.ActiveCfg = Debug|Any CPU
		{5E02F140-8504-40B7-8F17-8F49DB4F6831}.Debug|Any CPU.Build.0 = Debug|Any CPU
		{5E02F140-8504-40B7-8F17-8F49DB4F6831}.Release|Any CPU.ActiveCfg = Release|Any CPU
		{5E02F140-8504-40B7-8F17-8F49DB4F6831}.Release|Any CPU.Build.0 = Release|Any CPU
		{AAB16900-44AF-45A7-8553-CD8A764EF933}.Debug|Any CPU.ActiveCfg = Debug|Any CPU
		{AAB16900-44AF-45A7-8553-CD8A764EF933}.Debug|Any CPU.Build.0 = Debug|Any CPU
		{AAB16900-44AF-45A7-8553-CD8A764EF933}.Release|Any CPU.ActiveCfg = Release|Any CPU
		{AAB16900-44AF-45A7-8553-CD8A764EF933}.Release|Any CPU.Build.0 = Release|Any CPU
		{689B5E68-23C7-4CE5-B33E-0C8760F65D0C}.Debug|Any CPU.ActiveCfg = Debug|Any CPU
		{689B5E68-23C7-4CE5-B33E-0C8760F65D0C}.Debug|Any CPU.Build.0 = Debug|Any CPU
		{689B5E68-23C7-4CE5-B33E-0C8760F65D0C}.Release|Any CPU.ActiveCfg = Release|Any CPU
		{689B5E68-23C7-4CE5-B33E-0C8760F65D0C}.Release|Any CPU.Build.0 = Release|Any CPU
		{4CE0B8C9-B918-4EAC-9B5F-C3D910FB6A85}.Debug|Any CPU.ActiveCfg = Debug|Any CPU
		{4CE0B8C9-B918-4EAC-9B5F-C3D910FB6A85}.Debug|Any CPU.Build.0 = Debug|Any CPU
		{4CE0B8C9-B918-4EAC-9B5F-C3D910FB6A85}.Release|Any CPU.ActiveCfg = Release|Any CPU
		{4CE0B8C9-B918-4EAC-9B5F-C3D910FB6A85}.Release|Any CPU.Build.0 = Release|Any CPU
		{AA0093C6-3132-49F4-9F6C-4833E2BEF9E1}.Debug|Any CPU.ActiveCfg = Debug|Any CPU
		{AA0093C6-3132-49F4-9F6C-4833E2BEF9E1}.Debug|Any CPU.Build.0 = Debug|Any CPU
		{AA0093C6-3132-49F4-9F6C-4833E2BEF9E1}.Release|Any CPU.ActiveCfg = Release|Any CPU
		{AA0093C6-3132-49F4-9F6C-4833E2BEF9E1}.Release|Any CPU.Build.0 = Release|Any CPU
		{22D8180D-6350-4E72-8BEA-E7C8C4C118F8}.Debug|Any CPU.ActiveCfg = Debug|Any CPU
		{22D8180D-6350-4E72-8BEA-E7C8C4C118F8}.Debug|Any CPU.Build.0 = Debug|Any CPU
		{22D8180D-6350-4E72-8BEA-E7C8C4C118F8}.Release|Any CPU.ActiveCfg = Release|Any CPU
		{22D8180D-6350-4E72-8BEA-E7C8C4C118F8}.Release|Any CPU.Build.0 = Release|Any CPU
	EndGlobalSection
	GlobalSection(SolutionProperties) = preSolution
		HideSolutionNode = FALSE
	EndGlobalSection
	GlobalSection(NestedProjects) = preSolution
		{86ED8E99-0806-41D1-B682-AA00B28258A2} = {2AE5DE35-6D0A-44C1-8AD5-AAC340A4AB8B}
		{D45F1B2E-53A2-49BF-BCF0-58E675F154B6} = {86ED8E99-0806-41D1-B682-AA00B28258A2}
		{03F90A73-00BC-4F1D-A366-8059F6104243} = {86ED8E99-0806-41D1-B682-AA00B28258A2}
		{AACF6402-5DBC-4B31-A087-7E9171A36F4C} = {2B5E3865-A5AD-4546-8444-7BCEBCA746E1}
		{2A97A6A9-9273-4B84-86FE-8569A13F85A8} = {AACF6402-5DBC-4B31-A087-7E9171A36F4C}
		{29D3F0D3-233F-4552-A0A5-CC11B0E5D02E} = {2AE5DE35-6D0A-44C1-8AD5-AAC340A4AB8B}
		{04499BB0-6570-4EC1-8454-8B59F2737D99} = {29D3F0D3-233F-4552-A0A5-CC11B0E5D02E}
		{1C059050-8694-46F1-BCDA-5FE05E281F5D} = {29D3F0D3-233F-4552-A0A5-CC11B0E5D02E}
		{5AB9A695-5D25-4269-9590-189BD002AB6F} = {29D3F0D3-233F-4552-A0A5-CC11B0E5D02E}
		{FC256903-B603-4EC5-B40C-31677E417F86} = {2AE5DE35-6D0A-44C1-8AD5-AAC340A4AB8B}
		{A964980D-9DF4-44F2-914E-FDEB000552D6} = {FC256903-B603-4EC5-B40C-31677E417F86}
		{FAEE4150-2873-49BC-BE3C-B514FF416064} = {FC256903-B603-4EC5-B40C-31677E417F86}
		{FD3E4A60-03FE-42D0-BE22-48F0756C9C41} = {FC256903-B603-4EC5-B40C-31677E417F86}
		{6E3B4FBE-66D7-48CF-B605-525972218213} = {FC256903-B603-4EC5-B40C-31677E417F86}
		{B5181032-6225-4D02-A92E-3C7055BB723E} = {2AE5DE35-6D0A-44C1-8AD5-AAC340A4AB8B}
		{B846CC39-30AD-421D-A9E7-D4F41FFA8A85} = {43C9A711-A28E-4331-9335-3243A658C268}
		{17B52EF8-1CED-4AE6-AF6C-1569CB772AC7} = {2AE5DE35-6D0A-44C1-8AD5-AAC340A4AB8B}
		{6C80D7C5-A42A-46B2-81C7-968CC71BA602} = {2AE5DE35-6D0A-44C1-8AD5-AAC340A4AB8B}
		{43C9A711-A28E-4331-9335-3243A658C268} = {2B5E3865-A5AD-4546-8444-7BCEBCA746E1}
		{440AC151-FA5D-473B-8689-2B2A1F3D7011} = {2AE5DE35-6D0A-44C1-8AD5-AAC340A4AB8B}
		{2C1DB053-3038-48E7-BD02-02247C4703E0} = {D645DE14-FA67-4A3E-92FF-CF4232BF5F09}
		{91825211-7393-4932-A5AC-887B6992F00D} = {B5181032-6225-4D02-A92E-3C7055BB723E}
		{459B0067-0ABD-4663-ACDD-529C07468CC6} = {3F5E0CAE-D316-4391-964E-08A2FF65ACF8}
		{04F3C021-BD6F-4102-A068-2F31A9A6AF17} = {D645DE14-FA67-4A3E-92FF-CF4232BF5F09}
		{9FEC40A7-B2A4-4D16-B5EB-520B7F2B9AC2} = {2E360D94-BE82-4DF3-9C3F-3237C76350F4}
		{A856DCF4-3071-41E0-B456-35F7E588FCFE} = {0E0E5E38-08F8-4E1D-8DEA-25208045D331}
		{476CD882-2B68-44D1-B1C2-654A5982028D} = {2A6A5DBD-0ECB-4CF3-B293-A0FD5E968607}
		{E019FBBC-0823-4BEC-A46C-46593B65C952} = {CB1638B7-EB40-433F-B8C0-1307521989EE}
		{88BB3693-172A-4DE6-9D9C-6C0C2A80B78B} = {CB1638B7-EB40-433F-B8C0-1307521989EE}
		{5687156B-3D87-4A8B-993A-F791C89D82F4} = {0AC47D08-259A-4A88-83FF-C2B011C9928B}
		{8D8D370C-B1BA-44BA-9E85-6C29C4089FEC} = {2E360D94-BE82-4DF3-9C3F-3237C76350F4}
		{7DA6829E-C135-4ED7-93C0-D4083C620494} = {2E360D94-BE82-4DF3-9C3F-3237C76350F4}
		{BFF5166A-DCCB-41DC-A852-9CBD1EB69720} = {2E360D94-BE82-4DF3-9C3F-3237C76350F4}
		{EF9F6DE3-6F59-481C-9A6C-448D4D5BAA16} = {2E360D94-BE82-4DF3-9C3F-3237C76350F4}
		{A5DAAAF9-3FBD-413B-8659-1EBEFA2FCA95} = {2E360D94-BE82-4DF3-9C3F-3237C76350F4}
		{382B326F-94A3-4939-AF2B-3E9E3059922C} = {2E360D94-BE82-4DF3-9C3F-3237C76350F4}
		{175A83A5-8755-4E2F-BED7-D415A75DC6EA} = {A856DCF4-3071-41E0-B456-35F7E588FCFE}
		{93DB8241-38F8-4BEC-B863-8277BD4560F2} = {A856DCF4-3071-41E0-B456-35F7E588FCFE}
		{96DC016B-50EB-4867-BE75-7B5698B053A0} = {A856DCF4-3071-41E0-B456-35F7E588FCFE}
		{CFD07844-E252-47DA-8958-523FF4F390B0} = {FA247EF3-033E-43CB-9CC6-4AD3225B013C}
		{575F199E-8C14-4A88-B2C6-971C47293542} = {6F9A87A7-4488-4291-8892-5055471FF1BD}
		{632A966B-E398-417E-B779-2F606D7E97AF} = {575F199E-8C14-4A88-B2C6-971C47293542}
		{891C77B8-E4AC-4D0E-8383-09BAF44F52D2} = {575F199E-8C14-4A88-B2C6-971C47293542}
		{E8895536-1C2E-4F2C-A81D-15020D8468FA} = {2A6A5DBD-0ECB-4CF3-B293-A0FD5E968607}
		{4F9D462C-4E12-48C7-8D5B-F312CCC50E18} = {575F199E-8C14-4A88-B2C6-971C47293542}
		{AB3EDDB3-AD3F-4EC0-BB30-4F160E1693C6} = {0E0E5E38-08F8-4E1D-8DEA-25208045D331}
		{99CC9FA1-CEB0-4EF7-9F79-D71530BE1581} = {AB3EDDB3-AD3F-4EC0-BB30-4F160E1693C6}
		{D7C10B97-F3B8-4257-A6BF-8B1DD9C0D95E} = {2B5E3865-A5AD-4546-8444-7BCEBCA746E1}
		{699ABB27-4DF4-42FD-852A-C444CD9052E3} = {D7C10B97-F3B8-4257-A6BF-8B1DD9C0D95E}
		{17669BCB-AA25-4574-A353-BC7ACBB6C210} = {D7C10B97-F3B8-4257-A6BF-8B1DD9C0D95E}
		{EE821F41-18BA-4752-9FD3-766354A327AB} = {7D183A58-72B0-41EC-9DF6-366765B4F624}
		{D6A73EA5-6768-4CDA-B44A-919EED5472FE} = {D7C10B97-F3B8-4257-A6BF-8B1DD9C0D95E}
		{410D582F-03DB-4EAE-839E-AC16ED0CD546} = {D7C10B97-F3B8-4257-A6BF-8B1DD9C0D95E}
		{0FD06455-93E1-4BB5-A826-8F2374D13F2E} = {AACF6402-5DBC-4B31-A087-7E9171A36F4C}
		{55959558-4A53-4F5D-AAD2-0585E2343D67} = {AACF6402-5DBC-4B31-A087-7E9171A36F4C}
		{D67595E7-F22B-40D2-B9A4-3CC0022FE2E4} = {2B5E3865-A5AD-4546-8444-7BCEBCA746E1}
		{0AC47D08-259A-4A88-83FF-C2B011C9928B} = {2B5E3865-A5AD-4546-8444-7BCEBCA746E1}
		{D3422683-0D55-4DB8-A847-82CB0E2BCBD3} = {D67595E7-F22B-40D2-B9A4-3CC0022FE2E4}
		{9F6BCCE0-FE84-45E4-A1DA-4280957343B9} = {D67595E7-F22B-40D2-B9A4-3CC0022FE2E4}
		{ADCB1C80-C7A0-478A-A981-C88C12455112} = {43C9A711-A28E-4331-9335-3243A658C268}
		{39A94AE0-9250-413A-B396-613175967814} = {2B5E3865-A5AD-4546-8444-7BCEBCA746E1}
		{9A2C40D9-7AED-4144-B42D-6EB193FD70DD} = {2B5E3865-A5AD-4546-8444-7BCEBCA746E1}
		{80558AB7-C5DF-4038-B2DE-C7F49ADFBFB0} = {0E0E5E38-08F8-4E1D-8DEA-25208045D331}
		{E6DB2E6B-6CBD-46CF-A44D-5EF1BD1DBFFC} = {80558AB7-C5DF-4038-B2DE-C7F49ADFBFB0}
		{68F01E81-2B6A-4B6C-BDB2-62758939FD56} = {80558AB7-C5DF-4038-B2DE-C7F49ADFBFB0}
		{9E05A077-FCA1-4F28-A14D-9C5F0788EE91} = {0AC47D08-259A-4A88-83FF-C2B011C9928B}
		{E0427E85-8C0E-4D8D-8A78-13F65CDD7895} = {80558AB7-C5DF-4038-B2DE-C7F49ADFBFB0}
		{0433CB1F-FFE1-4B29-A641-3B87D4EC9648} = {3F5E0CAE-D316-4391-964E-08A2FF65ACF8}
		{C1E4ED8E-4327-4E9A-A3F7-5B0AEE3B8E44} = {0E0E5E38-08F8-4E1D-8DEA-25208045D331}
		{8AEC6AEE-6EE2-4FFD-A28E-63EE63DB69BF} = {7D183A58-72B0-41EC-9DF6-366765B4F624}
		{6FE5F6F6-472E-4CD3-AC97-2F36521C9C93} = {7D183A58-72B0-41EC-9DF6-366765B4F624}
		{7D183A58-72B0-41EC-9DF6-366765B4F624} = {43C9A711-A28E-4331-9335-3243A658C268}
		{FBF681A7-44F5-4194-84E6-87736EFB5D49} = {2B5E3865-A5AD-4546-8444-7BCEBCA746E1}
		{64ACE779-2887-4EBD-B363-5D0D6A9BF82F} = {FBF681A7-44F5-4194-84E6-87736EFB5D49}
		{6DAF5C6A-8387-4625-BBAB-3EEDA3946884} = {3F5E0CAE-D316-4391-964E-08A2FF65ACF8}
		{4EC9BCD4-5ABE-4203-B595-4BD4C3B937E4} = {DBC76F49-FF22-4A9A-AF85-E3A5B583C44E}
		{5E02F140-8504-40B7-8F17-8F49DB4F6831} = {DFF37884-51AA-484E-90A2-E61C05C97281}
		{AAB16900-44AF-45A7-8553-CD8A764EF933} = {FA247EF3-033E-43CB-9CC6-4AD3225B013C}
		{689B5E68-23C7-4CE5-B33E-0C8760F65D0C} = {DBC76F49-FF22-4A9A-AF85-E3A5B583C44E}
		{4CE0B8C9-B918-4EAC-9B5F-C3D910FB6A85} = {DBC76F49-FF22-4A9A-AF85-E3A5B583C44E}
		{AA0093C6-3132-49F4-9F6C-4833E2BEF9E1} = {DBC76F49-FF22-4A9A-AF85-E3A5B583C44E}
		{22D8180D-6350-4E72-8BEA-E7C8C4C118F8} = {FA247EF3-033E-43CB-9CC6-4AD3225B013C}
	EndGlobalSection
EndGlobal
