
Microsoft Visual Studio Solution File, Format Version 12.00
# Visual Studio 15
VisualStudioVersion = 15.0.27130.2010
MinimumVisualStudioVersion = 10.0.40219.1
Project("{2150E333-8FDC-42A3-9474-1A3956D46DE8}") = "Rico.S01.ORM", "Rico.S01.ORM", "{3B1818BE-B356-49BD-B8D6-810904FAFDF6}"
EndProject
Project("{2150E333-8FDC-42A3-9474-1A3956D46DE8}") = "Rico.S02.Redis", "Rico.S02.Redis", "{4C52CC2F-02AB-46E7-8D25-43E4F7550575}"
EndProject
Project("{2150E333-8FDC-42A3-9474-1A3956D46DE8}") = "Rico.S03.MQ", "Rico.S03.MQ", "{5ABA5C0B-80FC-4B1B-AF5E-3772A29E2BDD}"
EndProject
Project("{2150E333-8FDC-42A3-9474-1A3956D46DE8}") = "Rico.S04.Thrift", "Rico.S04.Thrift", "{87F25A08-F58A-407E-9ED3-422A14DB8396}"
EndProject
Project("{2150E333-8FDC-42A3-9474-1A3956D46DE8}") = "Rico.S05.Log", "Rico.S05.Log", "{EA3059F7-C865-4E65-ADDD-ED0717330C62}"
EndProject
Project("{2150E333-8FDC-42A3-9474-1A3956D46DE8}") = "Rico.S06.IOC", "Rico.S06.IOC", "{AC313480-FA28-4C40-BDE7-CC5B788B3160}"
EndProject
Project("{2150E333-8FDC-42A3-9474-1A3956D46DE8}") = "Rico.S07.Mapper", "Rico.S07.Mapper", "{231E0A58-64DA-4C97-BDE2-7968983F1827}"
EndProject
Project("{2150E333-8FDC-42A3-9474-1A3956D46DE8}") = "Rico.S08.ExcelAndWord", "Rico.S08.ExcelAndWord", "{B873AB31-6DF2-48BA-8178-5B75EDF7A52B}"
EndProject
Project("{2150E333-8FDC-42A3-9474-1A3956D46DE8}") = "Rico.S09.WindowsServices", "Rico.S09.WindowsServices", "{C7336663-BBED-4166-A831-7BA6E62C228A}"
EndProject
Project("{2150E333-8FDC-42A3-9474-1A3956D46DE8}") = "Rico.S10.Timer", "Rico.S10.Timer", "{082E3F77-D772-40D5-B815-6E979081DEAC}"
EndProject
Project("{FAE04EC0-301F-11D3-BF4B-00C04F79EFBC}") = "Rico.S08.NPOISample", "Rico.S01.NPOISample\Rico.S08.NPOISample.csproj", "{A6223F2E-40A0-4450-AD86-D6FFEEA9B790}"
EndProject
Project("{FAE04EC0-301F-11D3-BF4B-00C04F79EFBC}") = "Rico.S06.AutoFacSample", "Rico.S06.AutoFacSample\Rico.S06.AutoFacSample.csproj", "{D221B30E-6184-42D7-8C38-E4FA0BA58121}"
EndProject
Project("{FAE04EC0-301F-11D3-BF4B-00C04F79EFBC}") = "Rico.S06.UnitySample", "Rico.S06.UnitySample\Rico.S06.UnitySample.csproj", "{AA024B44-A23B-4488-BE03-3A37C2662B73}"
EndProject
Project("{FAE04EC0-301F-11D3-BF4B-00C04F79EFBC}") = "Rico.S07.AutoMapperV3", "Rico.S07.AutoMapperV3\Rico.S07.AutoMapperV3.csproj", "{F70B89FF-A526-4750-8A84-707F3C912321}"
EndProject
Project("{FAE04EC0-301F-11D3-BF4B-00C04F79EFBC}") = "Rico.S07.AutoMapperV6", "Rico.S07.AutoMapperV6\Rico.S07.AutoMapperV6.csproj", "{0E721BE3-7342-4F4F-A60C-4D36E5FA0D8D}"
EndProject
Project("{FAE04EC0-301F-11D3-BF4B-00C04F79EFBC}") = "Rico.S01.DapperSample", "Rico.S01.DapperSample\Rico.S01.DapperSample.csproj", "{79AF5FC3-1278-47DD-A86C-45AF8E6E20BA}"
EndProject
Project("{FAE04EC0-301F-11D3-BF4B-00C04F79EFBC}") = "Rico.EF.Common", "Rico.EF.Common\Rico.EF.Common.csproj", "{EE821F41-18BA-4752-9FD3-766354A327AB}"
EndProject
Project("{2150E333-8FDC-42A3-9474-1A3956D46DE8}") = "ActiveMQ", "ActiveMQ", "{E9498D60-5196-4A5B-9347-1E03CF21B1BB}"
EndProject
Project("{FAE04EC0-301F-11D3-BF4B-00C04F79EFBC}") = "Rico.S03.ActiveMQ.Cusumer", "Rico.S03.ActiveMQ.Cusumer\Rico.S03.ActiveMQ.Cusumer.csproj", "{FBF2857C-D314-41C4-BDC8-BCBD2547A8B4}"
EndProject
Project("{FAE04EC0-301F-11D3-BF4B-00C04F79EFBC}") = "Rico.S03.ActiveMQ.Producer", "Rico.S03.ActiveMQ.Producer\Rico.S03.ActiveMQ.Producer.csproj", "{9A105DBB-1845-4E3B-9B19-53708558C939}"
EndProject
Project("{2150E333-8FDC-42A3-9474-1A3956D46DE8}") = "Rico.S11.T4", "Rico.S11.T4", "{471ABB04-ACBB-451D-8CFB-32962F482957}"
EndProject
Project("{FAE04EC0-301F-11D3-BF4B-00C04F79EFBC}") = "Rico.S11.T4Sample", "Rico.S11.T4Sample\Rico.S11.T4Sample.csproj", "{45F5898D-DB3C-4567-9E8F-A0E2B2CFE4DA}"
EndProject
Project("{2150E333-8FDC-42A3-9474-1A3956D46DE8}") = "Rico.S12.Nuget", "Rico.S12.Nuget", "{0EC086B4-DC56-497E-9FD7-ABDCD0DB6BFE}"
EndProject
Project("{FAE04EC0-301F-11D3-BF4B-00C04F79EFBC}") = "Rico.S09.ServiceBaseSample", "Rico.S09.ServiceBaseSample\Rico.S09.ServiceBaseSample.csproj", "{57CD170B-B8F4-499E-A8B8-7259F84A992C}"
EndProject
Project("{FAE04EC0-301F-11D3-BF4B-00C04F79EFBC}") = "Rico.S09.Topshelf.v3.3.1", "Rico.S09.TopshelfSample\Rico.S09.Topshelf.v3.3.1.csproj", "{5E50C7B8-F9E0-4C34-81A9-C4394D1F43A6}"
EndProject
Project("{FAE04EC0-301F-11D3-BF4B-00C04F79EFBC}") = "Rico.S09.TopshelfV4", "Rico.S09.TopshelfV4\Rico.S09.TopshelfV4.csproj", "{0C3DD122-6EA0-47D8-851E-C4DDC263B3DB}"
EndProject
Project("{FAE04EC0-301F-11D3-BF4B-00C04F79EFBC}") = "Rico.S13.CacheManagerTest", "Rico.S13.CacheManagerTest\Rico.S13.CacheManagerTest.csproj", "{CA0F0F84-5A53-4423-B2B7-348B476E8A15}"
EndProject
Project("{2150E333-8FDC-42A3-9474-1A3956D46DE8}") = "Rico.S14.爬虫", "Rico.S14.爬虫", "{2C0625C9-BBD4-4F93-89F6-D73CE5E809A8}"
EndProject
Project("{FAE04EC0-301F-11D3-BF4B-00C04F79EFBC}") = "Rico.S14.AbotTest", "Rico.S14.AbotTest\Rico.S14.AbotTest.csproj", "{E1FBF9A2-E73E-49DB-981C-762AF900B0F4}"
EndProject
Project("{FAE04EC0-301F-11D3-BF4B-00C04F79EFBC}") = "Rico.S14.MaoYanMovie", "Rico.S14.MaoYanMovie\Rico.S14.MaoYanMovie.csproj", "{05312E23-D69D-450B-AD58-06BEA21075CD}"
EndProject
Project("{FAE04EC0-301F-11D3-BF4B-00C04F79EFBC}") = "Rico.S14.CinemaWdimax", "Rico.S14.CinemaWdimax\Rico.S14.CinemaWdimax.csproj", "{B65EB82D-B942-46E9-AB10-88A3FA6F3398}"
EndProject
Project("{FAE04EC0-301F-11D3-BF4B-00C04F79EFBC}") = "Rico.S14.MaoYanMovieWindow", "Rico.S14.MaoYanMovieWindow\Rico.S14.MaoYanMovieWindow.csproj", "{525E535F-749D-47C5-BB07-6D10AF8D501F}"
EndProject
Global
	GlobalSection(SolutionConfigurationPlatforms) = preSolution
		Debug|Any CPU = Debug|Any CPU
		Release|Any CPU = Release|Any CPU
	EndGlobalSection
	GlobalSection(ProjectConfigurationPlatforms) = postSolution
		{A6223F2E-40A0-4450-AD86-D6FFEEA9B790}.Debug|Any CPU.ActiveCfg = Debug|Any CPU
		{A6223F2E-40A0-4450-AD86-D6FFEEA9B790}.Debug|Any CPU.Build.0 = Debug|Any CPU
		{A6223F2E-40A0-4450-AD86-D6FFEEA9B790}.Release|Any CPU.ActiveCfg = Release|Any CPU
		{A6223F2E-40A0-4450-AD86-D6FFEEA9B790}.Release|Any CPU.Build.0 = Release|Any CPU
		{D221B30E-6184-42D7-8C38-E4FA0BA58121}.Debug|Any CPU.ActiveCfg = Debug|Any CPU
		{D221B30E-6184-42D7-8C38-E4FA0BA58121}.Debug|Any CPU.Build.0 = Debug|Any CPU
		{D221B30E-6184-42D7-8C38-E4FA0BA58121}.Release|Any CPU.ActiveCfg = Release|Any CPU
		{D221B30E-6184-42D7-8C38-E4FA0BA58121}.Release|Any CPU.Build.0 = Release|Any CPU
		{AA024B44-A23B-4488-BE03-3A37C2662B73}.Debug|Any CPU.ActiveCfg = Debug|Any CPU
		{AA024B44-A23B-4488-BE03-3A37C2662B73}.Debug|Any CPU.Build.0 = Debug|Any CPU
		{AA024B44-A23B-4488-BE03-3A37C2662B73}.Release|Any CPU.ActiveCfg = Release|Any CPU
		{AA024B44-A23B-4488-BE03-3A37C2662B73}.Release|Any CPU.Build.0 = Release|Any CPU
		{F70B89FF-A526-4750-8A84-707F3C912321}.Debug|Any CPU.ActiveCfg = Debug|Any CPU
		{F70B89FF-A526-4750-8A84-707F3C912321}.Debug|Any CPU.Build.0 = Debug|Any CPU
		{F70B89FF-A526-4750-8A84-707F3C912321}.Release|Any CPU.ActiveCfg = Release|Any CPU
		{F70B89FF-A526-4750-8A84-707F3C912321}.Release|Any CPU.Build.0 = Release|Any CPU
		{0E721BE3-7342-4F4F-A60C-4D36E5FA0D8D}.Debug|Any CPU.ActiveCfg = Debug|Any CPU
		{0E721BE3-7342-4F4F-A60C-4D36E5FA0D8D}.Debug|Any CPU.Build.0 = Debug|Any CPU
		{0E721BE3-7342-4F4F-A60C-4D36E5FA0D8D}.Release|Any CPU.ActiveCfg = Release|Any CPU
		{0E721BE3-7342-4F4F-A60C-4D36E5FA0D8D}.Release|Any CPU.Build.0 = Release|Any CPU
		{79AF5FC3-1278-47DD-A86C-45AF8E6E20BA}.Debug|Any CPU.ActiveCfg = Debug|Any CPU
		{79AF5FC3-1278-47DD-A86C-45AF8E6E20BA}.Debug|Any CPU.Build.0 = Debug|Any CPU
		{79AF5FC3-1278-47DD-A86C-45AF8E6E20BA}.Release|Any CPU.ActiveCfg = Release|Any CPU
		{79AF5FC3-1278-47DD-A86C-45AF8E6E20BA}.Release|Any CPU.Build.0 = Release|Any CPU
		{EE821F41-18BA-4752-9FD3-766354A327AB}.Debug|Any CPU.ActiveCfg = Debug|Any CPU
		{EE821F41-18BA-4752-9FD3-766354A327AB}.Debug|Any CPU.Build.0 = Debug|Any CPU
		{EE821F41-18BA-4752-9FD3-766354A327AB}.Release|Any CPU.ActiveCfg = Release|Any CPU
		{EE821F41-18BA-4752-9FD3-766354A327AB}.Release|Any CPU.Build.0 = Release|Any CPU
		{FBF2857C-D314-41C4-BDC8-BCBD2547A8B4}.Debug|Any CPU.ActiveCfg = Debug|Any CPU
		{FBF2857C-D314-41C4-BDC8-BCBD2547A8B4}.Debug|Any CPU.Build.0 = Debug|Any CPU
		{FBF2857C-D314-41C4-BDC8-BCBD2547A8B4}.Release|Any CPU.ActiveCfg = Release|Any CPU
		{FBF2857C-D314-41C4-BDC8-BCBD2547A8B4}.Release|Any CPU.Build.0 = Release|Any CPU
		{9A105DBB-1845-4E3B-9B19-53708558C939}.Debug|Any CPU.ActiveCfg = Debug|Any CPU
		{9A105DBB-1845-4E3B-9B19-53708558C939}.Debug|Any CPU.Build.0 = Debug|Any CPU
		{9A105DBB-1845-4E3B-9B19-53708558C939}.Release|Any CPU.ActiveCfg = Release|Any CPU
		{9A105DBB-1845-4E3B-9B19-53708558C939}.Release|Any CPU.Build.0 = Release|Any CPU
		{45F5898D-DB3C-4567-9E8F-A0E2B2CFE4DA}.Debug|Any CPU.ActiveCfg = Debug|Any CPU
		{45F5898D-DB3C-4567-9E8F-A0E2B2CFE4DA}.Debug|Any CPU.Build.0 = Debug|Any CPU
		{45F5898D-DB3C-4567-9E8F-A0E2B2CFE4DA}.Release|Any CPU.ActiveCfg = Release|Any CPU
		{45F5898D-DB3C-4567-9E8F-A0E2B2CFE4DA}.Release|Any CPU.Build.0 = Release|Any CPU
		{57CD170B-B8F4-499E-A8B8-7259F84A992C}.Debug|Any CPU.ActiveCfg = Debug|Any CPU
		{57CD170B-B8F4-499E-A8B8-7259F84A992C}.Debug|Any CPU.Build.0 = Debug|Any CPU
		{57CD170B-B8F4-499E-A8B8-7259F84A992C}.Release|Any CPU.ActiveCfg = Release|Any CPU
		{57CD170B-B8F4-499E-A8B8-7259F84A992C}.Release|Any CPU.Build.0 = Release|Any CPU
		{5E50C7B8-F9E0-4C34-81A9-C4394D1F43A6}.Debug|Any CPU.ActiveCfg = Debug|Any CPU
		{5E50C7B8-F9E0-4C34-81A9-C4394D1F43A6}.Debug|Any CPU.Build.0 = Debug|Any CPU
		{5E50C7B8-F9E0-4C34-81A9-C4394D1F43A6}.Release|Any CPU.ActiveCfg = Release|Any CPU
		{5E50C7B8-F9E0-4C34-81A9-C4394D1F43A6}.Release|Any CPU.Build.0 = Release|Any CPU
		{0C3DD122-6EA0-47D8-851E-C4DDC263B3DB}.Debug|Any CPU.ActiveCfg = Debug|Any CPU
		{0C3DD122-6EA0-47D8-851E-C4DDC263B3DB}.Debug|Any CPU.Build.0 = Debug|Any CPU
		{0C3DD122-6EA0-47D8-851E-C4DDC263B3DB}.Release|Any CPU.ActiveCfg = Release|Any CPU
		{0C3DD122-6EA0-47D8-851E-C4DDC263B3DB}.Release|Any CPU.Build.0 = Release|Any CPU
		{CA0F0F84-5A53-4423-B2B7-348B476E8A15}.Debug|Any CPU.ActiveCfg = Debug|Any CPU
		{CA0F0F84-5A53-4423-B2B7-348B476E8A15}.Debug|Any CPU.Build.0 = Debug|Any CPU
		{CA0F0F84-5A53-4423-B2B7-348B476E8A15}.Release|Any CPU.ActiveCfg = Release|Any CPU
		{CA0F0F84-5A53-4423-B2B7-348B476E8A15}.Release|Any CPU.Build.0 = Release|Any CPU
		{E1FBF9A2-E73E-49DB-981C-762AF900B0F4}.Debug|Any CPU.ActiveCfg = Debug|Any CPU
		{E1FBF9A2-E73E-49DB-981C-762AF900B0F4}.Debug|Any CPU.Build.0 = Debug|Any CPU
		{E1FBF9A2-E73E-49DB-981C-762AF900B0F4}.Release|Any CPU.ActiveCfg = Release|Any CPU
		{E1FBF9A2-E73E-49DB-981C-762AF900B0F4}.Release|Any CPU.Build.0 = Release|Any CPU
		{05312E23-D69D-450B-AD58-06BEA21075CD}.Debug|Any CPU.ActiveCfg = Debug|Any CPU
		{05312E23-D69D-450B-AD58-06BEA21075CD}.Debug|Any CPU.Build.0 = Debug|Any CPU
		{05312E23-D69D-450B-AD58-06BEA21075CD}.Release|Any CPU.ActiveCfg = Release|Any CPU
		{05312E23-D69D-450B-AD58-06BEA21075CD}.Release|Any CPU.Build.0 = Release|Any CPU
		{B65EB82D-B942-46E9-AB10-88A3FA6F3398}.Debug|Any CPU.ActiveCfg = Debug|Any CPU
		{B65EB82D-B942-46E9-AB10-88A3FA6F3398}.Debug|Any CPU.Build.0 = Debug|Any CPU
		{B65EB82D-B942-46E9-AB10-88A3FA6F3398}.Release|Any CPU.ActiveCfg = Release|Any CPU
		{B65EB82D-B942-46E9-AB10-88A3FA6F3398}.Release|Any CPU.Build.0 = Release|Any CPU
		{525E535F-749D-47C5-BB07-6D10AF8D501F}.Debug|Any CPU.ActiveCfg = Debug|Any CPU
		{525E535F-749D-47C5-BB07-6D10AF8D501F}.Debug|Any CPU.Build.0 = Debug|Any CPU
		{525E535F-749D-47C5-BB07-6D10AF8D501F}.Release|Any CPU.ActiveCfg = Release|Any CPU
		{525E535F-749D-47C5-BB07-6D10AF8D501F}.Release|Any CPU.Build.0 = Release|Any CPU
	EndGlobalSection
	GlobalSection(SolutionProperties) = preSolution
		HideSolutionNode = FALSE
	EndGlobalSection
	GlobalSection(NestedProjects) = preSolution
		{A6223F2E-40A0-4450-AD86-D6FFEEA9B790} = {B873AB31-6DF2-48BA-8178-5B75EDF7A52B}
		{D221B30E-6184-42D7-8C38-E4FA0BA58121} = {AC313480-FA28-4C40-BDE7-CC5B788B3160}
		{AA024B44-A23B-4488-BE03-3A37C2662B73} = {AC313480-FA28-4C40-BDE7-CC5B788B3160}
		{F70B89FF-A526-4750-8A84-707F3C912321} = {231E0A58-64DA-4C97-BDE2-7968983F1827}
		{0E721BE3-7342-4F4F-A60C-4D36E5FA0D8D} = {231E0A58-64DA-4C97-BDE2-7968983F1827}
		{79AF5FC3-1278-47DD-A86C-45AF8E6E20BA} = {3B1818BE-B356-49BD-B8D6-810904FAFDF6}
		{EE821F41-18BA-4752-9FD3-766354A327AB} = {3B1818BE-B356-49BD-B8D6-810904FAFDF6}
		{E9498D60-5196-4A5B-9347-1E03CF21B1BB} = {5ABA5C0B-80FC-4B1B-AF5E-3772A29E2BDD}
		{FBF2857C-D314-41C4-BDC8-BCBD2547A8B4} = {E9498D60-5196-4A5B-9347-1E03CF21B1BB}
		{9A105DBB-1845-4E3B-9B19-53708558C939} = {E9498D60-5196-4A5B-9347-1E03CF21B1BB}
		{45F5898D-DB3C-4567-9E8F-A0E2B2CFE4DA} = {471ABB04-ACBB-451D-8CFB-32962F482957}
		{57CD170B-B8F4-499E-A8B8-7259F84A992C} = {C7336663-BBED-4166-A831-7BA6E62C228A}
		{5E50C7B8-F9E0-4C34-81A9-C4394D1F43A6} = {C7336663-BBED-4166-A831-7BA6E62C228A}
		{0C3DD122-6EA0-47D8-851E-C4DDC263B3DB} = {C7336663-BBED-4166-A831-7BA6E62C228A}
		{E1FBF9A2-E73E-49DB-981C-762AF900B0F4} = {2C0625C9-BBD4-4F93-89F6-D73CE5E809A8}
		{05312E23-D69D-450B-AD58-06BEA21075CD} = {2C0625C9-BBD4-4F93-89F6-D73CE5E809A8}
		{B65EB82D-B942-46E9-AB10-88A3FA6F3398} = {2C0625C9-BBD4-4F93-89F6-D73CE5E809A8}
		{525E535F-749D-47C5-BB07-6D10AF8D501F} = {2C0625C9-BBD4-4F93-89F6-D73CE5E809A8}
	EndGlobalSection
	GlobalSection(ExtensibilityGlobals) = postSolution
		SolutionGuid = {58FD5A91-20F7-4900-A7E3-6DA439CFC6A1}
	EndGlobalSection
EndGlobal
