
Microsoft Visual Studio Solution File, Format Version 12.00
# Visual Studio 15
VisualStudioVersion = 15.0.27703.2035
MinimumVisualStudioVersion = 10.0.40219.1
Project("{FAE04EC0-301F-11D3-BF4B-00C04F79EFBC}") = "Ric.S01.MvcDemo", "Ric.S01.MvcDemo\Ric.S01.MvcDemo.csproj", "{80B4F34D-646B-44A2-9A3A-89077688FED6}"
EndProject
Global
	GlobalSection(SolutionConfigurationPlatforms) = preSolution
		Debug|Any CPU = Debug|Any CPU
		Release|Any CPU = Release|Any CPU
	EndGlobalSection
	GlobalSection(ProjectConfigurationPlatforms) = postSolution
		{80B4F34D-646B-44A2-9A3A-89077688FED6}.Debug|Any CPU.ActiveCfg = Debug|Any CPU
		{80B4F34D-646B-44A2-9A3A-89077688FED6}.Debug|Any CPU.Build.0 = Debug|Any CPU
		{80B4F34D-646B-44A2-9A3A-89077688FED6}.Release|Any CPU.ActiveCfg = Release|Any CPU
		{80B4F34D-646B-44A2-9A3A-89077688FED6}.Release|Any CPU.Build.0 = Release|Any CPU
	EndGlobalSection
	GlobalSection(SolutionProperties) = preSolution
		HideSolutionNode = FALSE
	EndGlobalSection
	GlobalSection(ExtensibilityGlobals) = postSolution
		SolutionGuid = {DD09B0F9-52AF-43EF-B297-ED79119F2E97}
	EndGlobalSection
EndGlobal
