
Microsoft Visual Studio Solution File, Format Version 12.00
# Visual Studio 15
VisualStudioVersion = 15.0.26430.6
MinimumVisualStudioVersion = 10.0.40219.1
Project("{FAE04EC0-301F-11D3-BF4B-00C04F79EFBC}") = "Rico.MSUnitTest", "Rico.MSUnitTest\Rico.MSUnitTest.csproj", "{E6DB2E6B-6CBD-46CF-A44D-5EF1BD1DBFFC}"
EndProject
Project("{FAE04EC0-301F-11D3-BF4B-00C04F79EFBC}") = "Rico.NunitTest", "Rico.NunitTest\Rico.NunitTest.csproj", "{E0427E85-8C0E-4D8D-8A78-13F65CDD7895}"
EndProject
Project("{FAE04EC0-301F-11D3-BF4B-00C04F79EFBC}") = "Rico.XunitTest", "Rico.XunitTest\Rico.XunitTest.csproj", "{2E55EB28-EA27-4DB7-B6E3-809E98AAD910}"
EndProject
Project("{FAE04EC0-301F-11D3-BF4B-00C04F79EFBC}") = "Rico.XunitTest.CodeSource", "Rico.XunitTest.CodeSource\Rico.XunitTest.CodeSource.csproj", "{A37334D8-3362-4DE8-A4E2-F437D0E973B0}"
EndProject
Project("{FAE04EC0-301F-11D3-BF4B-00C04F79EFBC}") = "Rico.MSUnitTest.EF6WithMock", "Rico.MSUnitTest.EF6WithMock\Rico.MSUnitTest.EF6WithMock.csproj", "{A1C218C7-AC0A-4DEA-8ED5-80C3EFC79205}"
EndProject
Project("{FAE04EC0-301F-11D3-BF4B-00C04F79EFBC}") = "Rico.MoqSample", "Rico.MoqSample\Rico.MoqSample.csproj", "{49AF99F2-332B-439E-B175-A1946B672324}"
EndProject
Project("{FAE04EC0-301F-11D3-BF4B-00C04F79EFBC}") = "Rico.MVCUnitSample", "Rico.MVCUnitSample\Rico.MVCUnitSample.csproj", "{38AB6F7E-743B-46CA-AADB-D55BCAAD5D0A}"
EndProject
Project("{FAE04EC0-301F-11D3-BF4B-00C04F79EFBC}") = "Rico.MVCUnitSample.UnitTest", "Rico.MVCUnitSample.UnitTest\Rico.MVCUnitSample.UnitTest.csproj", "{7F610C65-97E9-4D17-8BC3-0A4AA3F8523E}"
EndProject
Project("{2150E333-8FDC-42A3-9474-1A3956D46DE8}") = "msunit", "msunit", "{F391063F-3E7B-42D5-9D3B-D35323FC4401}"
EndProject
Project("{2150E333-8FDC-42A3-9474-1A3956D46DE8}") = "xunit", "xunit", "{57219222-3BF4-4DA5-85E6-D237E2D89C4B}"
EndProject
Project("{2150E333-8FDC-42A3-9474-1A3956D46DE8}") = "nunit", "nunit", "{2B7AFF3E-CD08-4E3F-AC8B-2E86423AA6F0}"
EndProject
Project("{2150E333-8FDC-42A3-9474-1A3956D46DE8}") = "mock", "mock", "{2B833555-6542-49DF-8991-E77D45DEF34E}"
EndProject
Project("{2150E333-8FDC-42A3-9474-1A3956D46DE8}") = "selenium", "selenium", "{F9C9AC52-AF73-4229-B6D2-A62F67F035CC}"
EndProject
Project("{FAE04EC0-301F-11D3-BF4B-00C04F79EFBC}") = "Rico.SeleniumTestSample", "Rico.SeleniumTestSample\Rico.SeleniumTestSample.csproj", "{2E3DF5C2-8A38-4A03-86D7-8D463C917E47}"
EndProject
Global
	GlobalSection(SolutionConfigurationPlatforms) = preSolution
		Debug|Any CPU = Debug|Any CPU
		Release|Any CPU = Release|Any CPU
	EndGlobalSection
	GlobalSection(ProjectConfigurationPlatforms) = postSolution
		{E6DB2E6B-6CBD-46CF-A44D-5EF1BD1DBFFC}.Debug|Any CPU.ActiveCfg = Debug|Any CPU
		{E6DB2E6B-6CBD-46CF-A44D-5EF1BD1DBFFC}.Debug|Any CPU.Build.0 = Debug|Any CPU
		{E6DB2E6B-6CBD-46CF-A44D-5EF1BD1DBFFC}.Release|Any CPU.ActiveCfg = Release|Any CPU
		{E6DB2E6B-6CBD-46CF-A44D-5EF1BD1DBFFC}.Release|Any CPU.Build.0 = Release|Any CPU
		{E0427E85-8C0E-4D8D-8A78-13F65CDD7895}.Debug|Any CPU.ActiveCfg = Debug|Any CPU
		{E0427E85-8C0E-4D8D-8A78-13F65CDD7895}.Debug|Any CPU.Build.0 = Debug|Any CPU
		{E0427E85-8C0E-4D8D-8A78-13F65CDD7895}.Release|Any CPU.ActiveCfg = Release|Any CPU
		{E0427E85-8C0E-4D8D-8A78-13F65CDD7895}.Release|Any CPU.Build.0 = Release|Any CPU
		{2E55EB28-EA27-4DB7-B6E3-809E98AAD910}.Debug|Any CPU.ActiveCfg = Debug|Any CPU
		{2E55EB28-EA27-4DB7-B6E3-809E98AAD910}.Debug|Any CPU.Build.0 = Debug|Any CPU
		{2E55EB28-EA27-4DB7-B6E3-809E98AAD910}.Release|Any CPU.ActiveCfg = Release|Any CPU
		{2E55EB28-EA27-4DB7-B6E3-809E98AAD910}.Release|Any CPU.Build.0 = Release|Any CPU
		{A37334D8-3362-4DE8-A4E2-F437D0E973B0}.Debug|Any CPU.ActiveCfg = Debug|Any CPU
		{A37334D8-3362-4DE8-A4E2-F437D0E973B0}.Debug|Any CPU.Build.0 = Debug|Any CPU
		{A37334D8-3362-4DE8-A4E2-F437D0E973B0}.Release|Any CPU.ActiveCfg = Release|Any CPU
		{A37334D8-3362-4DE8-A4E2-F437D0E973B0}.Release|Any CPU.Build.0 = Release|Any CPU
		{A1C218C7-AC0A-4DEA-8ED5-80C3EFC79205}.Debug|Any CPU.ActiveCfg = Debug|Any CPU
		{A1C218C7-AC0A-4DEA-8ED5-80C3EFC79205}.Debug|Any CPU.Build.0 = Debug|Any CPU
		{A1C218C7-AC0A-4DEA-8ED5-80C3EFC79205}.Release|Any CPU.ActiveCfg = Release|Any CPU
		{A1C218C7-AC0A-4DEA-8ED5-80C3EFC79205}.Release|Any CPU.Build.0 = Release|Any CPU
		{49AF99F2-332B-439E-B175-A1946B672324}.Debug|Any CPU.ActiveCfg = Debug|Any CPU
		{49AF99F2-332B-439E-B175-A1946B672324}.Debug|Any CPU.Build.0 = Debug|Any CPU
		{49AF99F2-332B-439E-B175-A1946B672324}.Release|Any CPU.ActiveCfg = Release|Any CPU
		{49AF99F2-332B-439E-B175-A1946B672324}.Release|Any CPU.Build.0 = Release|Any CPU
		{38AB6F7E-743B-46CA-AADB-D55BCAAD5D0A}.Debug|Any CPU.ActiveCfg = Debug|Any CPU
		{38AB6F7E-743B-46CA-AADB-D55BCAAD5D0A}.Debug|Any CPU.Build.0 = Debug|Any CPU
		{38AB6F7E-743B-46CA-AADB-D55BCAAD5D0A}.Release|Any CPU.ActiveCfg = Release|Any CPU
		{38AB6F7E-743B-46CA-AADB-D55BCAAD5D0A}.Release|Any CPU.Build.0 = Release|Any CPU
		{7F610C65-97E9-4D17-8BC3-0A4AA3F8523E}.Debug|Any CPU.ActiveCfg = Debug|Any CPU
		{7F610C65-97E9-4D17-8BC3-0A4AA3F8523E}.Debug|Any CPU.Build.0 = Debug|Any CPU
		{7F610C65-97E9-4D17-8BC3-0A4AA3F8523E}.Release|Any CPU.ActiveCfg = Release|Any CPU
		{7F610C65-97E9-4D17-8BC3-0A4AA3F8523E}.Release|Any CPU.Build.0 = Release|Any CPU
		{2E3DF5C2-8A38-4A03-86D7-8D463C917E47}.Debug|Any CPU.ActiveCfg = Debug|Any CPU
		{2E3DF5C2-8A38-4A03-86D7-8D463C917E47}.Debug|Any CPU.Build.0 = Debug|Any CPU
		{2E3DF5C2-8A38-4A03-86D7-8D463C917E47}.Release|Any CPU.ActiveCfg = Release|Any CPU
		{2E3DF5C2-8A38-4A03-86D7-8D463C917E47}.Release|Any CPU.Build.0 = Release|Any CPU
	EndGlobalSection
	GlobalSection(SolutionProperties) = preSolution
		HideSolutionNode = FALSE
	EndGlobalSection
	GlobalSection(NestedProjects) = preSolution
		{E6DB2E6B-6CBD-46CF-A44D-5EF1BD1DBFFC} = {F391063F-3E7B-42D5-9D3B-D35323FC4401}
		{E0427E85-8C0E-4D8D-8A78-13F65CDD7895} = {2B7AFF3E-CD08-4E3F-AC8B-2E86423AA6F0}
		{2E55EB28-EA27-4DB7-B6E3-809E98AAD910} = {57219222-3BF4-4DA5-85E6-D237E2D89C4B}
		{A37334D8-3362-4DE8-A4E2-F437D0E973B0} = {57219222-3BF4-4DA5-85E6-D237E2D89C4B}
		{A1C218C7-AC0A-4DEA-8ED5-80C3EFC79205} = {F391063F-3E7B-42D5-9D3B-D35323FC4401}
		{49AF99F2-332B-439E-B175-A1946B672324} = {2B833555-6542-49DF-8991-E77D45DEF34E}
		{38AB6F7E-743B-46CA-AADB-D55BCAAD5D0A} = {F391063F-3E7B-42D5-9D3B-D35323FC4401}
		{7F610C65-97E9-4D17-8BC3-0A4AA3F8523E} = {F391063F-3E7B-42D5-9D3B-D35323FC4401}
		{2E3DF5C2-8A38-4A03-86D7-8D463C917E47} = {F9C9AC52-AF73-4229-B6D2-A62F67F035CC}
	EndGlobalSection
EndGlobal
