
Microsoft Visual Studio Solution File, Format Version 12.00
# Visual Studio Version 16
VisualStudioVersion = 16.0.29613.14
MinimumVisualStudioVersion = 10.0.40219.1
Project("{FAE04EC0-301F-11D3-BF4B-00C04F79EFBC}") = "Rico.S00.Csharp6", "Rico.S00.Csharp6\Rico.S00.Csharp6.csproj", "{7038F67C-2DA1-41A5-8994-C6E3410F1C09}"
EndProject
Project("{FAE04EC0-301F-11D3-BF4B-00C04F79EFBC}") = "Rico.S00.Csharp7", "Rico.S00.Csharp7\Rico.S00.Csharp7.csproj", "{805B2A81-F16C-4706-A2EF-3F30D5A2409D}"
EndProject
Project("{FAE04EC0-301F-11D3-BF4B-00C04F79EFBC}") = "Rico.S00.Csharp5", "Rico.S00.Csharp5\Rico.S00.Csharp5.csproj", "{A1919E53-78FA-4C34-BB8D-EE857B4177F7}"
EndProject
Project("{FAE04EC0-301F-11D3-BF4B-00C04F79EFBC}") = "Rico.CsharpGrammarNet461", "Rico.CsharpGrammarNet461\Rico.CsharpGrammarNet461.csproj", "{3C607183-5210-405A-A770-40336F9C3335}"
EndProject
Project("{FAE04EC0-301F-11D3-BF4B-00C04F79EFBC}") = "Rico.S01.ConfigManagerAndComplie", "Rico.S01.ConfigManagerAndComplie\Rico.S01.ConfigManagerAndComplie.csproj", "{7D8423B7-C152-4BC4-91B4-1E84FBEBA05F}"
EndProject
Project("{9A19103F-16F7-4668-BE54-9A1E7A4F7556}") = "Rico.S02.JinZhi", "Rico.S02.JinZhi\Rico.S02.JinZhi.csproj", "{6128F9DF-5508-47FE-A1D5-EF2DA9D1FF81}"
EndProject
Project("{2150E333-8FDC-42A3-9474-1A3956D46DE8}") = "Solution Items", "Solution Items", "{7EAB1520-B97F-4124-926D-478FA4E33C1E}"
	ProjectSection(SolutionItems) = preProject
		.editorconfig = .editorconfig
	EndProjectSection
EndProject
Project("{FAE04EC0-301F-11D3-BF4B-00C04F79EFBC}") = "Rico.S00.Csharp8", "Rico.S00.Csharp8\Rico.S00.Csharp8.csproj", "{7CCDAD58-C1B8-4566-B5EF-9907D08D45FA}"
EndProject
Global
	GlobalSection(SolutionConfigurationPlatforms) = preSolution
		Debug|Any CPU = Debug|Any CPU
		PRE|Any CPU = PRE|Any CPU
		Release|Any CPU = Release|Any CPU
		TEST_DEBUG|Any CPU = TEST_DEBUG|Any CPU
		TEST_RELEASE|Any CPU = TEST_RELEASE|Any CPU
	EndGlobalSection
	GlobalSection(ProjectConfigurationPlatforms) = postSolution
		{7038F67C-2DA1-41A5-8994-C6E3410F1C09}.Debug|Any CPU.ActiveCfg = Debug|Any CPU
		{7038F67C-2DA1-41A5-8994-C6E3410F1C09}.Debug|Any CPU.Build.0 = Debug|Any CPU
		{7038F67C-2DA1-41A5-8994-C6E3410F1C09}.PRE|Any CPU.ActiveCfg = PRE|Any CPU
		{7038F67C-2DA1-41A5-8994-C6E3410F1C09}.PRE|Any CPU.Build.0 = PRE|Any CPU
		{7038F67C-2DA1-41A5-8994-C6E3410F1C09}.Release|Any CPU.ActiveCfg = Release|Any CPU
		{7038F67C-2DA1-41A5-8994-C6E3410F1C09}.Release|Any CPU.Build.0 = Release|Any CPU
		{7038F67C-2DA1-41A5-8994-C6E3410F1C09}.TEST_DEBUG|Any CPU.ActiveCfg = TEST-DEBUG|Any CPU
		{7038F67C-2DA1-41A5-8994-C6E3410F1C09}.TEST_DEBUG|Any CPU.Build.0 = TEST-DEBUG|Any CPU
		{7038F67C-2DA1-41A5-8994-C6E3410F1C09}.TEST_RELEASE|Any CPU.ActiveCfg = TEST-RELEASE|Any CPU
		{7038F67C-2DA1-41A5-8994-C6E3410F1C09}.TEST_RELEASE|Any CPU.Build.0 = TEST-RELEASE|Any CPU
		{805B2A81-F16C-4706-A2EF-3F30D5A2409D}.Debug|Any CPU.ActiveCfg = Debug|Any CPU
		{805B2A81-F16C-4706-A2EF-3F30D5A2409D}.Debug|Any CPU.Build.0 = Debug|Any CPU
		{805B2A81-F16C-4706-A2EF-3F30D5A2409D}.PRE|Any CPU.ActiveCfg = PRE|Any CPU
		{805B2A81-F16C-4706-A2EF-3F30D5A2409D}.PRE|Any CPU.Build.0 = PRE|Any CPU
		{805B2A81-F16C-4706-A2EF-3F30D5A2409D}.Release|Any CPU.ActiveCfg = Release|Any CPU
		{805B2A81-F16C-4706-A2EF-3F30D5A2409D}.Release|Any CPU.Build.0 = Release|Any CPU
		{805B2A81-F16C-4706-A2EF-3F30D5A2409D}.TEST_DEBUG|Any CPU.ActiveCfg = TEST-DEBUG|Any CPU
		{805B2A81-F16C-4706-A2EF-3F30D5A2409D}.TEST_DEBUG|Any CPU.Build.0 = TEST-DEBUG|Any CPU
		{805B2A81-F16C-4706-A2EF-3F30D5A2409D}.TEST_RELEASE|Any CPU.ActiveCfg = TEST-RELEASE|Any CPU
		{805B2A81-F16C-4706-A2EF-3F30D5A2409D}.TEST_RELEASE|Any CPU.Build.0 = TEST-RELEASE|Any CPU
		{A1919E53-78FA-4C34-BB8D-EE857B4177F7}.Debug|Any CPU.ActiveCfg = Debug|Any CPU
		{A1919E53-78FA-4C34-BB8D-EE857B4177F7}.Debug|Any CPU.Build.0 = Debug|Any CPU
		{A1919E53-78FA-4C34-BB8D-EE857B4177F7}.PRE|Any CPU.ActiveCfg = PRE|Any CPU
		{A1919E53-78FA-4C34-BB8D-EE857B4177F7}.PRE|Any CPU.Build.0 = PRE|Any CPU
		{A1919E53-78FA-4C34-BB8D-EE857B4177F7}.Release|Any CPU.ActiveCfg = Release|Any CPU
		{A1919E53-78FA-4C34-BB8D-EE857B4177F7}.Release|Any CPU.Build.0 = Release|Any CPU
		{A1919E53-78FA-4C34-BB8D-EE857B4177F7}.TEST_DEBUG|Any CPU.ActiveCfg = TEST-DEBUG|Any CPU
		{A1919E53-78FA-4C34-BB8D-EE857B4177F7}.TEST_DEBUG|Any CPU.Build.0 = TEST-DEBUG|Any CPU
		{A1919E53-78FA-4C34-BB8D-EE857B4177F7}.TEST_RELEASE|Any CPU.ActiveCfg = TEST-RELEASE|Any CPU
		{A1919E53-78FA-4C34-BB8D-EE857B4177F7}.TEST_RELEASE|Any CPU.Build.0 = TEST-RELEASE|Any CPU
		{3C607183-5210-405A-A770-40336F9C3335}.Debug|Any CPU.ActiveCfg = Debug|Any CPU
		{3C607183-5210-405A-A770-40336F9C3335}.Debug|Any CPU.Build.0 = Debug|Any CPU
		{3C607183-5210-405A-A770-40336F9C3335}.PRE|Any CPU.ActiveCfg = PRE|Any CPU
		{3C607183-5210-405A-A770-40336F9C3335}.PRE|Any CPU.Build.0 = PRE|Any CPU
		{3C607183-5210-405A-A770-40336F9C3335}.Release|Any CPU.ActiveCfg = Release|Any CPU
		{3C607183-5210-405A-A770-40336F9C3335}.Release|Any CPU.Build.0 = Release|Any CPU
		{3C607183-5210-405A-A770-40336F9C3335}.TEST_DEBUG|Any CPU.ActiveCfg = TEST-DEBUG|Any CPU
		{3C607183-5210-405A-A770-40336F9C3335}.TEST_DEBUG|Any CPU.Build.0 = TEST-DEBUG|Any CPU
		{3C607183-5210-405A-A770-40336F9C3335}.TEST_RELEASE|Any CPU.ActiveCfg = TEST-RELEASE|Any CPU
		{3C607183-5210-405A-A770-40336F9C3335}.TEST_RELEASE|Any CPU.Build.0 = TEST-RELEASE|Any CPU
		{7D8423B7-C152-4BC4-91B4-1E84FBEBA05F}.Debug|Any CPU.ActiveCfg = Debug|Any CPU
		{7D8423B7-C152-4BC4-91B4-1E84FBEBA05F}.Debug|Any CPU.Build.0 = Debug|Any CPU
		{7D8423B7-C152-4BC4-91B4-1E84FBEBA05F}.PRE|Any CPU.ActiveCfg = PRE|Any CPU
		{7D8423B7-C152-4BC4-91B4-1E84FBEBA05F}.PRE|Any CPU.Build.0 = PRE|Any CPU
		{7D8423B7-C152-4BC4-91B4-1E84FBEBA05F}.Release|Any CPU.ActiveCfg = Release|Any CPU
		{7D8423B7-C152-4BC4-91B4-1E84FBEBA05F}.Release|Any CPU.Build.0 = Release|Any CPU
		{7D8423B7-C152-4BC4-91B4-1E84FBEBA05F}.TEST_DEBUG|Any CPU.ActiveCfg = TEST-DEBUG|Any CPU
		{7D8423B7-C152-4BC4-91B4-1E84FBEBA05F}.TEST_DEBUG|Any CPU.Build.0 = TEST-DEBUG|Any CPU
		{7D8423B7-C152-4BC4-91B4-1E84FBEBA05F}.TEST_RELEASE|Any CPU.ActiveCfg = TEST-RELEASE|Any CPU
		{7D8423B7-C152-4BC4-91B4-1E84FBEBA05F}.TEST_RELEASE|Any CPU.Build.0 = TEST-RELEASE|Any CPU
		{6128F9DF-5508-47FE-A1D5-EF2DA9D1FF81}.Debug|Any CPU.ActiveCfg = Debug|Any CPU
		{6128F9DF-5508-47FE-A1D5-EF2DA9D1FF81}.Debug|Any CPU.Build.0 = Debug|Any CPU
		{6128F9DF-5508-47FE-A1D5-EF2DA9D1FF81}.PRE|Any CPU.ActiveCfg = Debug|Any CPU
		{6128F9DF-5508-47FE-A1D5-EF2DA9D1FF81}.PRE|Any CPU.Build.0 = Debug|Any CPU
		{6128F9DF-5508-47FE-A1D5-EF2DA9D1FF81}.Release|Any CPU.ActiveCfg = Release|Any CPU
		{6128F9DF-5508-47FE-A1D5-EF2DA9D1FF81}.Release|Any CPU.Build.0 = Release|Any CPU
		{6128F9DF-5508-47FE-A1D5-EF2DA9D1FF81}.TEST_DEBUG|Any CPU.ActiveCfg = Debug|Any CPU
		{6128F9DF-5508-47FE-A1D5-EF2DA9D1FF81}.TEST_DEBUG|Any CPU.Build.0 = Debug|Any CPU
		{6128F9DF-5508-47FE-A1D5-EF2DA9D1FF81}.TEST_RELEASE|Any CPU.ActiveCfg = Debug|Any CPU
		{6128F9DF-5508-47FE-A1D5-EF2DA9D1FF81}.TEST_RELEASE|Any CPU.Build.0 = Debug|Any CPU
		{7CCDAD58-C1B8-4566-B5EF-9907D08D45FA}.Debug|Any CPU.ActiveCfg = Debug|Any CPU
		{7CCDAD58-C1B8-4566-B5EF-9907D08D45FA}.Debug|Any CPU.Build.0 = Debug|Any CPU
		{7CCDAD58-C1B8-4566-B5EF-9907D08D45FA}.PRE|Any CPU.ActiveCfg = Debug|Any CPU
		{7CCDAD58-C1B8-4566-B5EF-9907D08D45FA}.PRE|Any CPU.Build.0 = Debug|Any CPU
		{7CCDAD58-C1B8-4566-B5EF-9907D08D45FA}.Release|Any CPU.ActiveCfg = Release|Any CPU
		{7CCDAD58-C1B8-4566-B5EF-9907D08D45FA}.Release|Any CPU.Build.0 = Release|Any CPU
		{7CCDAD58-C1B8-4566-B5EF-9907D08D45FA}.TEST_DEBUG|Any CPU.ActiveCfg = Debug|Any CPU
		{7CCDAD58-C1B8-4566-B5EF-9907D08D45FA}.TEST_DEBUG|Any CPU.Build.0 = Debug|Any CPU
		{7CCDAD58-C1B8-4566-B5EF-9907D08D45FA}.TEST_RELEASE|Any CPU.ActiveCfg = Debug|Any CPU
		{7CCDAD58-C1B8-4566-B5EF-9907D08D45FA}.TEST_RELEASE|Any CPU.Build.0 = Debug|Any CPU
	EndGlobalSection
	GlobalSection(SolutionProperties) = preSolution
		HideSolutionNode = FALSE
	EndGlobalSection
	GlobalSection(ExtensibilityGlobals) = postSolution
		SolutionGuid = {92A77DE1-9539-4C9A-B33C-83F9B8E80331}
	EndGlobalSection
EndGlobal
