
Microsoft Visual Studio Solution File, Format Version 12.00
# Visual Studio 15
VisualStudioVersion = 15.0.27130.2010
MinimumVisualStudioVersion = 10.0.40219.1
Project("{FAE04EC0-301F-11D3-BF4B-00C04F79EFBC}") = "Rico.S01.AspNetCoreQuickStart", "Rico.S01.AspNetCoreQuickStart\Rico.S01.AspNetCoreQuickStart.csproj", "{593365A8-391F-478C-B7DA-24E35BED376A}"
EndProject
Global
	GlobalSection(SolutionConfigurationPlatforms) = preSolution
		Debug|Any CPU = Debug|Any CPU
		Release|Any CPU = Release|Any CPU
	EndGlobalSection
	GlobalSection(ProjectConfigurationPlatforms) = postSolution
		{593365A8-391F-478C-B7DA-24E35BED376A}.Debug|Any CPU.ActiveCfg = Debug|Any CPU
		{593365A8-391F-478C-B7DA-24E35BED376A}.Debug|Any CPU.Build.0 = Debug|Any CPU
		{593365A8-391F-478C-B7DA-24E35BED376A}.Release|Any CPU.ActiveCfg = Release|Any CPU
		{593365A8-391F-478C-B7DA-24E35BED376A}.Release|Any CPU.Build.0 = Release|Any CPU
	EndGlobalSection
	GlobalSection(SolutionProperties) = preSolution
		HideSolutionNode = FALSE
	EndGlobalSection
	GlobalSection(ExtensibilityGlobals) = postSolution
		SolutionGuid = {DE5BF403-0113-408F-8E71-638146509B4D}
	EndGlobalSection
EndGlobal
